
Microsoft Visual Studio Solution File, Format Version 9.00
# Visual Studio 2005
Project("{8BC9CEB8-8B4A-11D0-8D11-00A0C91BC942}") = "PackUpdate", "PackUpdate.vcproj", "{EF25D53C-299A-4EC3-A344-49C9F9522F94}"
EndProject
Global
	GlobalSection(SolutionConfigurationPlatforms) = preSolution
		Debug|Win32 = Debug|Win32
		Release|Win32 = Release|Win32
	EndGlobalSection
	GlobalSection(ProjectConfigurationPlatforms) = postSolution
		{EF25D53C-299A-4EC3-A344-49C9F9522F94}.Debug|Win32.ActiveCfg = Debug|Win32
		{EF25D53C-299A-4EC3-A344-49C9F9522F94}.Debug|Win32.Build.0 = Debug|Win32
		{EF25D53C-299A-4EC3-A344-49C9F9522F94}.Release|Win32.ActiveCfg = Release|Win32
		{EF25D53C-299A-4EC3-A344-49C9F9522F94}.Release|Win32.Build.0 = Release|Win32
	EndGlobalSection
	GlobalSection(SolutionProperties) = preSolution
		HideSolutionNode = FALSE
	EndGlobalSection
EndGlobal
