<?xml version="1.0" encoding="utf-8"?>
<Project ToolsVersion="4.0" xmlns="http://schemas.microsoft.com/developer/msbuild/2003">
  <ItemGroup>
    <Filter Include="Source Files">
      <UniqueIdentifier>{aba13ef8-a187-4027-9cc6-0fac5aa3b1e0}</UniqueIdentifier>
      <Extensions>cpp;c;cxx;rc;def;r;odl;idl;hpj;bat</Extensions>
    </Filter>
    <Filter Include="Header Files">
      <UniqueIdentifier>{ba412e2e-ef9a-4f9f-af8d-cdf2a95b206a}</UniqueIdentifier>
      <Extensions>h;hpp;hxx;hm;inl</Extensions>
    </Filter>
    <Filter Include="ucl">
      <UniqueIdentifier>{68e6bfdf-4730-43ac-8eaf-76123c2ff9ef}</UniqueIdentifier>
    </Filter>
    <Filter Include="Resource Files">
      <UniqueIdentifier>{775b5c88-d769-4931-90f7-f38d044d4122}</UniqueIdentifier>
      <Extensions>ico;cur;bmp;dlg;rc2;rct;bin;rgs;gif;jpg;jpeg;jpe</Extensions>
    </Filter>
  </ItemGroup>
  <ItemGroup>
    <ClCompile Include="PackUpdate.cpp">
      <Filter>Source Files</Filter>
    </ClCompile>
    <ClCompile Include="ZPackFile.cpp">
      <Filter>Source Files</Filter>
    </ClCompile>
    <ClCompile Include="ucl-1.01\src\alloc.c">
      <Filter>ucl</Filter>
    </ClCompile>
    <ClCompile Include="ucl-1.01\src\io.c">
      <Filter>ucl</Filter>
    </ClCompile>
    <ClCompile Include="ucl-1.01\src\n2b_99.c">
      <Filter>ucl</Filter>
    </ClCompile>
    <ClCompile Include="ucl-1.01\src\n2b_d.c">
      <Filter>ucl</Filter>
    </ClCompile>
    <ClCompile Include="ucl-1.01\src\n2b_ds.c">
      <Filter>ucl</Filter>
    </ClCompile>
    <ClCompile Include="ucl-1.01\src\n2b_to.c">
      <Filter>ucl</Filter>
    </ClCompile>
    <ClCompile Include="ucl-1.01\src\n2d_99.c">
      <Filter>ucl</Filter>
    </ClCompile>
    <ClCompile Include="ucl-1.01\src\n2d_d.c">
      <Filter>ucl</Filter>
    </ClCompile>
    <ClCompile Include="ucl-1.01\src\n2d_ds.c">
      <Filter>ucl</Filter>
    </ClCompile>
    <ClCompile Include="ucl-1.01\src\n2d_to.c">
      <Filter>ucl</Filter>
    </ClCompile>
    <ClCompile Include="ucl-1.01\src\n2e_99.c">
      <Filter>ucl</Filter>
    </ClCompile>
    <ClCompile Include="ucl-1.01\src\n2e_d.c">
      <Filter>ucl</Filter>
    </ClCompile>
    <ClCompile Include="ucl-1.01\src\n2e_ds.c">
      <Filter>ucl</Filter>
    </ClCompile>
    <ClCompile Include="ucl-1.01\src\n2e_to.c">
      <Filter>ucl</Filter>
    </ClCompile>
    <ClCompile Include="ucl-1.01\src\ucl_crc.c">
      <Filter>ucl</Filter>
    </ClCompile>
    <ClCompile Include="ucl-1.01\src\ucl_dll.c">
      <Filter>ucl</Filter>
    </ClCompile>
    <ClCompile Include="ucl-1.01\src\ucl_init.c">
      <Filter>ucl</Filter>
    </ClCompile>
    <ClCompile Include="ucl-1.01\src\ucl_ptr.c">
      <Filter>ucl</Filter>
    </ClCompile>
    <ClCompile Include="ucl-1.01\src\ucl_str.c">
      <Filter>ucl</Filter>
    </ClCompile>
    <ClCompile Include="ucl-1.01\src\ucl_util.c">
      <Filter>ucl</Filter>
    </ClCompile>
  </ItemGroup>
  <ItemGroup>
    <ClInclude Include="ZPackFile.h">
      <Filter>Header Files</Filter>
    </ClInclude>
    <ClInclude Include="ucl-1.01\src\fake16.h">
      <Filter>ucl</Filter>
    </ClInclude>
    <ClInclude Include="ucl-1.01\src\getbit.h">
      <Filter>ucl</Filter>
    </ClInclude>
    <ClInclude Include="ucl-1.01\src\internal.h">
      <Filter>ucl</Filter>
    </ClInclude>
    <ClInclude Include="ucl-1.01\src\ucl_conf.h">
      <Filter>ucl</Filter>
    </ClInclude>
    <ClInclude Include="ucl-1.01\src\ucl_ptr.h">
      <Filter>ucl</Filter>
    </ClInclude>
    <ClInclude Include="ucl-1.01\src\ucl_util.h">
      <Filter>ucl</Filter>
    </ClInclude>
  </ItemGroup>
  <ItemGroup>
    <Text Include="ReadMe.txt" />
  </ItemGroup>
</Project>