<?xml version="1.0" encoding="utf-8"?>
<Project ToolsVersion="4.0" xmlns="http://schemas.microsoft.com/developer/msbuild/2003">
  <ItemGroup>
    <Filter Include="Source Files">
      <UniqueIdentifier>{6c96aa16-6da5-487e-b030-9f4689b65de3}</UniqueIdentifier>
      <Extensions>cpp;c;cxx;rc;def;r;odl;idl;hpj;bat</Extensions>
    </Filter>
    <Filter Include="Header Files">
      <UniqueIdentifier>{07d5b90f-3819-48d7-b7a3-91fa0ca756db}</UniqueIdentifier>
      <Extensions>h;hpp;hxx;hm;inl</Extensions>
    </Filter>
    <Filter Include="Resource Files">
      <UniqueIdentifier>{698bf6ed-4fdd-4a47-93db-f2e2a6de765a}</UniqueIdentifier>
      <Extensions>ico;cur;bmp;dlg;rc2;rct;bin;rgs;gif;jpg;jpeg;jpe</Extensions>
    </Filter>
    <Filter Include="lib">
      <UniqueIdentifier>{d36ad9db-53ac-4d59-93c5-a96cd5e502d5}</UniqueIdentifier>
    </Filter>
    <Filter Include="lib\release">
      <UniqueIdentifier>{26cd030b-6a8b-48a8-908f-0dee387d4afb}</UniqueIdentifier>
    </Filter>
    <Filter Include="lib\debug">
      <UniqueIdentifier>{ed2e5b37-986d-41ad-b4e7-686d74036dff}</UniqueIdentifier>
    </Filter>
  </ItemGroup>
  <ItemGroup>
    <ClCompile Include="Application.cpp">
      <Filter>Source Files</Filter>
    </ClCompile>
    <ClCompile Include="Bishop.cpp">
      <Filter>Source Files</Filter>
    </ClCompile>
    <ClCompile Include="..\Common\Event.cpp">
      <Filter>Source Files</Filter>
    </ClCompile>
    <ClCompile Include="GamePlayer.cpp">
      <Filter>Source Files</Filter>
    </ClCompile>
    <ClCompile Include="GameServer.cpp">
      <Filter>Source Files</Filter>
    </ClCompile>
    <ClCompile Include="Intercessor.cpp">
      <Filter>Source Files</Filter>
    </ClCompile>
    <ClCompile Include="Network.cpp">
      <Filter>Source Files</Filter>
    </ClCompile>
    <ClCompile Include="PlayerCreator.cpp">
      <Filter>Source Files</Filter>
    </ClCompile>
    <ClCompile Include="SmartClient.cpp">
      <Filter>Source Files</Filter>
    </ClCompile>
    <ClCompile Include="StdAfx.cpp">
      <Filter>Source Files</Filter>
    </ClCompile>
  </ItemGroup>
  <ItemGroup>
    <ClInclude Include="Application.h">
      <Filter>Header Files</Filter>
    </ClInclude>
    <ClInclude Include="GamePlayer.h">
      <Filter>Header Files</Filter>
    </ClInclude>
    <ClInclude Include="GameServer.h">
      <Filter>Header Files</Filter>
    </ClInclude>
    <ClInclude Include="ICommand.h">
      <Filter>Header Files</Filter>
    </ClInclude>
    <ClInclude Include="IGServer.h">
      <Filter>Header Files</Filter>
    </ClInclude>
    <ClInclude Include="Intercessor.h">
      <Filter>Header Files</Filter>
    </ClInclude>
    <ClInclude Include="IPlayer.h">
      <Filter>Header Files</Filter>
    </ClInclude>
    <ClInclude Include="msg_define.h">
      <Filter>Header Files</Filter>
    </ClInclude>
    <ClInclude Include="Network.h">
      <Filter>Header Files</Filter>
    </ClInclude>
    <ClInclude Include="PlayerCreator.h">
      <Filter>Header Files</Filter>
    </ClInclude>
    <ClInclude Include="SmartClient.h">
      <Filter>Header Files</Filter>
    </ClInclude>
    <ClInclude Include="StdAfx.h">
      <Filter>Header Files</Filter>
    </ClInclude>
    <ClInclude Include="resource.h">
      <Filter>Resource Files</Filter>
    </ClInclude>
  </ItemGroup>
  <ItemGroup>
    <ResourceCompile Include="Bishop.rc">
      <Filter>Resource Files</Filter>
    </ResourceCompile>
  </ItemGroup>
  <ItemGroup>
    <Image Include="res\lock.ico">
      <Filter>Resource Files</Filter>
    </Image>
  </ItemGroup>
  <ItemGroup>
    <Text Include="ReadMe.txt" />
  </ItemGroup>
  <ItemGroup>
    <CustomBuild Include="..\..\..\Lib\release\common.lib">
      <Filter>lib\release</Filter>
    </CustomBuild>
    <CustomBuild Include="..\..\..\Lib\release\engine.lib">
      <Filter>lib\release</Filter>
    </CustomBuild>
    <CustomBuild Include="..\..\..\Lib\debug\common.lib">
      <Filter>lib\debug</Filter>
    </CustomBuild>
    <CustomBuild Include="..\..\..\Lib\debug\engine.lib">
      <Filter>lib\debug</Filter>
    </CustomBuild>
  </ItemGroup>
</Project>