
Microsoft Visual Studio Solution File, Format Version 12.00
# Visual Studio 2012
Project("{2150E333-8FDC-42A3-9474-1A3956D46DE8}") = "M-Server", "M-Server", "{2E731C0A-A6AB-4F94-9D59-20C6C9DBDBB2}"
EndProject
Project("{2150E333-8FDC-42A3-9474-1A3956D46DE8}") = "M-Client", "M-Client", "{28547CE2-50D3-49B6-B5FF-301EB6C8F194}"
EndProject
Project("{2150E333-8FDC-42A3-9474-1A3956D46DE8}") = "DLL Common", "DLL Common", "{6FA9DC19-F7BF-4F77-85D4-FA4AF3BEA7C0}"
EndProject
Project("{2150E333-8FDC-42A3-9474-1A3956D46DE8}") = "Tools", "Tools", "{8D5B845F-78A9-4519-AEA0-4CBDEFADFCB7}"
EndProject
Project("{8BC9CEB8-8B4A-11D0-8D11-00A0C91BC942}") = "Common", "Sources\MultiServer\Common\Common.vcxproj", "{A87D4BBB-F55C-4EE3-8402-04F5D27AFE2A}"
EndProject
Project("{8BC9CEB8-8B4A-11D0-8D11-00A0C91BC942}") = "ESClient", "Sources\Network\ESClient\ESClient.vcxproj", "{E56E2657-A3F1-4ADE-84A2-30AC3D97BE2E}"
EndProject
Project("{8BC9CEB8-8B4A-11D0-8D11-00A0C91BC942}") = "FilterTextStatic", "Sources\FilterText\FilterText_StaticLib.vcxproj", "{47BFD3C1-A007-474A-B322-41AF00281C66}"
EndProject
Project("{8BC9CEB8-8B4A-11D0-8D11-00A0C91BC942}") = "d3dframe", "Sources\Represent\D3DFrame\d3dframe.vcxproj", "{31ABC279-B0EA-4C98-A6EF-CF7801BBB1C0}"
EndProject
Project("{8BC9CEB8-8B4A-11D0-8D11-00A0C91BC942}") = "Bishop", "Sources\MultiServer\Bishop\Bishop.vcxproj", "{2F4DEA4E-5E0C-42A1-AB5A-9A7410C5796B}"
EndProject
Project("{8BC9CEB8-8B4A-11D0-8D11-00A0C91BC942}") = "Goddess", "Sources\MultiServer\Goddess\Goddess.vcxproj", "{0CD7F052-084D-4F56-B8C5-DEAA824CD696}"
EndProject
Project("{8BC9CEB8-8B4A-11D0-8D11-00A0C91BC942}") = "S3Client", "Sources\S3Client\S3Client.vcxproj", "{5882A9BC-5035-40F4-9022-5699A192E296}"
EndProject
Project("{8BC9CEB8-8B4A-11D0-8D11-00A0C91BC942}") = "Represent2", "Sources\Represent\Represent2\Represent2.vcxproj", "{F9BAEC95-96C0-49D8-8042-1F234A085ABC}"
EndProject
Project("{8BC9CEB8-8B4A-11D0-8D11-00A0C91BC942}") = "Represent3", "Sources\Represent\Represent3\Represent3.vcxproj", "{0715226E-6C36-4A30-8B43-1086CCE12FE3}"
EndProject
Project("{8BC9CEB8-8B4A-11D0-8D11-00A0C91BC942}") = "KLVideo", "Sources\KLVideo\KLVideo.vcxproj", "{32E0357E-7B70-403B-B1BC-8B3C37341640}"
EndProject
Project("{8BC9CEB8-8B4A-11D0-8D11-00A0C91BC942}") = "ExpandPackage", "Sources\ExpandPackage\ExpandPackage.vcxproj", "{7444B4BF-2455-431F-8576-F4FED46C1CDC}"
EndProject
Project("{8BC9CEB8-8B4A-11D0-8D11-00A0C91BC942}") = "ExpandPackageStatic", "Sources\ExpandPackage\ExpandPackageStaticLib.vcxproj", "{A0E7DEC4-2981-4FA0-89D7-D7A36897EC51}"
EndProject
Project("{8BC9CEB8-8B4A-11D0-8D11-00A0C91BC942}") = "FilterText", "Sources\FilterText\FilterText.vcxproj", "{DD518058-4806-4682-8EA1-D190C16E0764}"
EndProject
Project("{8BC9CEB8-8B4A-11D0-8D11-00A0C91BC942}") = "GameServer", "Sources\MultiServer\GameServer\GameServer.vcxproj", "{78B44032-48E2-46D7-8A21-74A1F38FD954}"
EndProject
Project("{8BC9CEB8-8B4A-11D0-8D11-00A0C91BC942}") = "IOCPServer", "Sources\Network\IOCPServer\IOCPServer.vcxproj", "{BCCB465B-F464-4A00-AEDD-4DBB9FB1AF24}"
EndProject
Project("{8BC9CEB8-8B4A-11D0-8D11-00A0C91BC942}") = "Heaven", "Sources\MultiServer\Heaven\Heaven.vcxproj", "{B98265A8-390C-4A98-B505-C82A122C871D}"
EndProject
Project("{8BC9CEB8-8B4A-11D0-8D11-00A0C91BC942}") = "Rainbow", "Sources\MultiServer\Rainbow\Rainbow.vcxproj", "{AB9E7426-7D87-44F7-A7F3-D3BEB15255E1}"
EndProject
Project("{8BC9CEB8-8B4A-11D0-8D11-00A0C91BC942}") = "Engine", "Sources\Engine\Engine.vcxproj", "{702AD251-A91F-4336-AB24-72D84269AE4B}"
EndProject
Project("{8BC9CEB8-8B4A-11D0-8D11-00A0C91BC942}") = "Core", "Sources\Core\Core.vcxproj", "{585F380B-3EA4-4F24-9819-91C150872957}"
EndProject
Project("{8BC9CEB8-8B4A-11D0-8D11-00A0C91BC942}") = "LuaLib", "Sources\Library\LuaLib\LuaLib.vcxproj", "{1CCE2CDB-AFF7-47F4-8C94-0B7015587C18}"
EndProject
Project("{8BC9CEB8-8B4A-11D0-8D11-00A0C91BC942}") = "LuaLibDll", "Sources\Library\LuaLib\LuaLibDll.vcxproj", "{9A5ED284-77BD-4957-AAB7-4472CBBD834C}"
EndProject
Project("{8BC9CEB8-8B4A-11D0-8D11-00A0C91BC942}") = "UpdateServer", "Sources\MultiServer\Tools\UpdateServer\UpdateServer.vcxproj", "{FCB240D3-A35D-42FB-83E2-867B381C8AB8}"
EndProject
Project("{8BC9CEB8-8B4A-11D0-8D11-00A0C91BC942}") = "UpdateClient", "Sources\MultiServer\Tools\UpdateClient\UpdateClient.vcxproj", "{C8E793EF-2AB5-49DD-951B-32A0281A1A7A}"
EndProject
Project("{8BC9CEB8-8B4A-11D0-8D11-00A0C91BC942}") = "KClient", "Sources\Network\KClient\KClient.vcxproj", "{4A7A495F-3A99-49CC-BE36-4CE195459D44}"
EndProject
Project("{8BC9CEB8-8B4A-11D0-8D11-00A0C91BC942}") = "ED1Editor", "Sources\S3Tools\ED1Editor\ED1Editor.vcxproj", "{90711BC3-089E-4908-B36C-95D2C01B578E}"
EndProject
Project("{8BC9CEB8-8B4A-11D0-8D11-00A0C91BC942}") = "S3Relay", "Sources\MultiServer\S3Relay\S3Relay.vcxproj", "{09C6030A-421B-443C-B12B-6E8BD4283492}"
EndProject
Project("{8BC9CEB8-8B4A-11D0-8D11-00A0C91BC942}") = "Sword3PaySys", "Sources\Network\S3AccServer\Sword3PaySys.vcxproj", "{0B1CADA5-18ED-4FB3-A88F-B2A377909803}"
EndProject
Project("{8BC9CEB8-8B4A-11D0-8D11-00A0C91BC942}") = "S3RelayServer", "Sources\Network\S3RELAYSERVER\S3RelayServer.vcxproj", "{30D86894-611A-4E18-B387-6A6311D151F7}"
EndProject
Project("{8BC9CEB8-8B4A-11D0-8D11-00A0C91BC942}") = "PackExp", "Sources\PackCombo\PackExp\PackExp.vcxproj", "{A9E7DD53-8666-4B42-809D-5782CE925575}"
EndProject
Project("{8BC9CEB8-8B4A-11D0-8D11-00A0C91BC942}") = "PackManualUpdate", "Sources\PackCombo\PackManualUpdate\PackManualUpdate.vcxproj", "{9D8BD39A-3BF0-4239-B99C-E1E89EE6CE90}"
EndProject
Project("{8BC9CEB8-8B4A-11D0-8D11-00A0C91BC942}") = "PackNew", "Sources\PackCombo\PackNew\PackNew.vcxproj", "{76AAE7A9-E00F-4CBD-BEBB-35AE9521A988}"
EndProject
Project("{8BC9CEB8-8B4A-11D0-8D11-00A0C91BC942}") = "PackSingle", "Sources\PackCombo\PackSingle\PackSingle.vcxproj", "{65501A54-FDEB-4928-A446-FCB41922FEEC}"
EndProject
Project("{8BC9CEB8-8B4A-11D0-8D11-00A0C91BC942}") = "PackUpdate", "Sources\PackCombo\PackUpdate\PackUpdate.vcxproj", "{EF25D53C-299A-4EC3-A344-49C9F9522F94}"
EndProject
Project("{8BC9CEB8-8B4A-11D0-8D11-00A0C91BC942}") = "UpdateCompPack", "Sources\PackCombo\UpdateCompPack\UpdateCompPack.vcxproj", "{18832527-8755-4B8C-AD9B-AC066A97BEE5}"
EndProject
Project("{8BC9CEB8-8B4A-11D0-8D11-00A0C91BC942}") = "SprConvert", "Sources\SprConvert\SprConvert.vcxproj", "{FF6255DE-AEF1-4F75-A95C-C3BE82638B47}"
EndProject
Project("{8BC9CEB8-8B4A-11D0-8D11-00A0C91BC942}") = "JpgLib", "Sources\JpgLib\JpgLib.vcxproj", "{59AF45D8-C50A-43B3-99AA-F4525ED1A4FC}"
EndProject
Global
	GlobalSection(SolutionConfigurationPlatforms) = preSolution
		Client Debug|Win32 = Client Debug|Win32
		Client Release|Win32 = Client Release|Win32
		Debug|Win32 = Debug|Win32
		OuRead Release|Win32 = OuRead Release|Win32
		OutRead Debug|Win32 = OutRead Debug|Win32
		Release|Win32 = Release|Win32
		Server Debug|Win32 = Server Debug|Win32
		Server Release|Win32 = Server Release|Win32
	EndGlobalSection
	GlobalSection(ProjectConfigurationPlatforms) = postSolution
		{A87D4BBB-F55C-4EE3-8402-04F5D27AFE2A}.Client Debug|Win32.ActiveCfg = Debug|Win32
		{A87D4BBB-F55C-4EE3-8402-04F5D27AFE2A}.Client Debug|Win32.Build.0 = Debug|Win32
		{A87D4BBB-F55C-4EE3-8402-04F5D27AFE2A}.Client Release|Win32.ActiveCfg = Release|Win32
		{A87D4BBB-F55C-4EE3-8402-04F5D27AFE2A}.Client Release|Win32.Build.0 = Release|Win32
		{A87D4BBB-F55C-4EE3-8402-04F5D27AFE2A}.Debug|Win32.ActiveCfg = Debug|Win32
		{A87D4BBB-F55C-4EE3-8402-04F5D27AFE2A}.Debug|Win32.Build.0 = Debug|Win32
		{A87D4BBB-F55C-4EE3-8402-04F5D27AFE2A}.OuRead Release|Win32.ActiveCfg = Release|Win32
		{A87D4BBB-F55C-4EE3-8402-04F5D27AFE2A}.OuRead Release|Win32.Build.0 = Release|Win32
		{A87D4BBB-F55C-4EE3-8402-04F5D27AFE2A}.OutRead Debug|Win32.ActiveCfg = Debug|Win32
		{A87D4BBB-F55C-4EE3-8402-04F5D27AFE2A}.OutRead Debug|Win32.Build.0 = Debug|Win32
		{A87D4BBB-F55C-4EE3-8402-04F5D27AFE2A}.Release|Win32.ActiveCfg = Release|Win32
		{A87D4BBB-F55C-4EE3-8402-04F5D27AFE2A}.Release|Win32.Build.0 = Release|Win32
		{A87D4BBB-F55C-4EE3-8402-04F5D27AFE2A}.Server Debug|Win32.ActiveCfg = Debug|Win32
		{A87D4BBB-F55C-4EE3-8402-04F5D27AFE2A}.Server Debug|Win32.Build.0 = Debug|Win32
		{A87D4BBB-F55C-4EE3-8402-04F5D27AFE2A}.Server Release|Win32.ActiveCfg = Release|Win32
		{A87D4BBB-F55C-4EE3-8402-04F5D27AFE2A}.Server Release|Win32.Build.0 = Release|Win32
		{E56E2657-A3F1-4ADE-84A2-30AC3D97BE2E}.Client Debug|Win32.ActiveCfg = Debug|Win32
		{E56E2657-A3F1-4ADE-84A2-30AC3D97BE2E}.Client Debug|Win32.Build.0 = Debug|Win32
		{E56E2657-A3F1-4ADE-84A2-30AC3D97BE2E}.Client Release|Win32.ActiveCfg = Release|Win32
		{E56E2657-A3F1-4ADE-84A2-30AC3D97BE2E}.Client Release|Win32.Build.0 = Release|Win32
		{E56E2657-A3F1-4ADE-84A2-30AC3D97BE2E}.Debug|Win32.ActiveCfg = Debug|Win32
		{E56E2657-A3F1-4ADE-84A2-30AC3D97BE2E}.Debug|Win32.Build.0 = Debug|Win32
		{E56E2657-A3F1-4ADE-84A2-30AC3D97BE2E}.OuRead Release|Win32.ActiveCfg = Release|Win32
		{E56E2657-A3F1-4ADE-84A2-30AC3D97BE2E}.OuRead Release|Win32.Build.0 = Release|Win32
		{E56E2657-A3F1-4ADE-84A2-30AC3D97BE2E}.OutRead Debug|Win32.ActiveCfg = Debug|Win32
		{E56E2657-A3F1-4ADE-84A2-30AC3D97BE2E}.OutRead Debug|Win32.Build.0 = Debug|Win32
		{E56E2657-A3F1-4ADE-84A2-30AC3D97BE2E}.Release|Win32.ActiveCfg = Release|Win32
		{E56E2657-A3F1-4ADE-84A2-30AC3D97BE2E}.Release|Win32.Build.0 = Release|Win32
		{E56E2657-A3F1-4ADE-84A2-30AC3D97BE2E}.Server Debug|Win32.ActiveCfg = Debug|Win32
		{E56E2657-A3F1-4ADE-84A2-30AC3D97BE2E}.Server Debug|Win32.Build.0 = Debug|Win32
		{E56E2657-A3F1-4ADE-84A2-30AC3D97BE2E}.Server Release|Win32.ActiveCfg = Release|Win32
		{E56E2657-A3F1-4ADE-84A2-30AC3D97BE2E}.Server Release|Win32.Build.0 = Release|Win32
		{47BFD3C1-A007-474A-B322-41AF00281C66}.Client Debug|Win32.ActiveCfg = Debug|Win32
		{47BFD3C1-A007-474A-B322-41AF00281C66}.Client Debug|Win32.Build.0 = Debug|Win32
		{47BFD3C1-A007-474A-B322-41AF00281C66}.Client Release|Win32.ActiveCfg = Release|Win32
		{47BFD3C1-A007-474A-B322-41AF00281C66}.Client Release|Win32.Build.0 = Release|Win32
		{47BFD3C1-A007-474A-B322-41AF00281C66}.Debug|Win32.ActiveCfg = Debug|Win32
		{47BFD3C1-A007-474A-B322-41AF00281C66}.Debug|Win32.Build.0 = Debug|Win32
		{47BFD3C1-A007-474A-B322-41AF00281C66}.OuRead Release|Win32.ActiveCfg = Release|Win32
		{47BFD3C1-A007-474A-B322-41AF00281C66}.OuRead Release|Win32.Build.0 = Release|Win32
		{47BFD3C1-A007-474A-B322-41AF00281C66}.OutRead Debug|Win32.ActiveCfg = Debug|Win32
		{47BFD3C1-A007-474A-B322-41AF00281C66}.OutRead Debug|Win32.Build.0 = Debug|Win32
		{47BFD3C1-A007-474A-B322-41AF00281C66}.Release|Win32.ActiveCfg = Release|Win32
		{47BFD3C1-A007-474A-B322-41AF00281C66}.Release|Win32.Build.0 = Release|Win32
		{47BFD3C1-A007-474A-B322-41AF00281C66}.Server Debug|Win32.ActiveCfg = Debug|Win32
		{47BFD3C1-A007-474A-B322-41AF00281C66}.Server Debug|Win32.Build.0 = Debug|Win32
		{47BFD3C1-A007-474A-B322-41AF00281C66}.Server Release|Win32.ActiveCfg = Release|Win32
		{47BFD3C1-A007-474A-B322-41AF00281C66}.Server Release|Win32.Build.0 = Release|Win32
		{31ABC279-B0EA-4C98-A6EF-CF7801BBB1C0}.Client Debug|Win32.ActiveCfg = Debug|Win32
		{31ABC279-B0EA-4C98-A6EF-CF7801BBB1C0}.Client Debug|Win32.Build.0 = Debug|Win32
		{31ABC279-B0EA-4C98-A6EF-CF7801BBB1C0}.Client Release|Win32.ActiveCfg = Release|Win32
		{31ABC279-B0EA-4C98-A6EF-CF7801BBB1C0}.Client Release|Win32.Build.0 = Release|Win32
		{31ABC279-B0EA-4C98-A6EF-CF7801BBB1C0}.Debug|Win32.ActiveCfg = Debug|Win32
		{31ABC279-B0EA-4C98-A6EF-CF7801BBB1C0}.Debug|Win32.Build.0 = Debug|Win32
		{31ABC279-B0EA-4C98-A6EF-CF7801BBB1C0}.OuRead Release|Win32.ActiveCfg = Release|Win32
		{31ABC279-B0EA-4C98-A6EF-CF7801BBB1C0}.OuRead Release|Win32.Build.0 = Release|Win32
		{31ABC279-B0EA-4C98-A6EF-CF7801BBB1C0}.OutRead Debug|Win32.ActiveCfg = Debug|Win32
		{31ABC279-B0EA-4C98-A6EF-CF7801BBB1C0}.OutRead Debug|Win32.Build.0 = Debug|Win32
		{31ABC279-B0EA-4C98-A6EF-CF7801BBB1C0}.Release|Win32.ActiveCfg = Release|Win32
		{31ABC279-B0EA-4C98-A6EF-CF7801BBB1C0}.Release|Win32.Build.0 = Release|Win32
		{31ABC279-B0EA-4C98-A6EF-CF7801BBB1C0}.Server Debug|Win32.ActiveCfg = Debug|Win32
		{31ABC279-B0EA-4C98-A6EF-CF7801BBB1C0}.Server Debug|Win32.Build.0 = Debug|Win32
		{31ABC279-B0EA-4C98-A6EF-CF7801BBB1C0}.Server Release|Win32.ActiveCfg = Release|Win32
		{31ABC279-B0EA-4C98-A6EF-CF7801BBB1C0}.Server Release|Win32.Build.0 = Release|Win32
		{2F4DEA4E-5E0C-42A1-AB5A-9A7410C5796B}.Client Debug|Win32.ActiveCfg = Debug|Win32
		{2F4DEA4E-5E0C-42A1-AB5A-9A7410C5796B}.Client Debug|Win32.Build.0 = Debug|Win32
		{2F4DEA4E-5E0C-42A1-AB5A-9A7410C5796B}.Client Release|Win32.ActiveCfg = Release|Win32
		{2F4DEA4E-5E0C-42A1-AB5A-9A7410C5796B}.Client Release|Win32.Build.0 = Release|Win32
		{2F4DEA4E-5E0C-42A1-AB5A-9A7410C5796B}.Debug|Win32.ActiveCfg = Debug|Win32
		{2F4DEA4E-5E0C-42A1-AB5A-9A7410C5796B}.Debug|Win32.Build.0 = Debug|Win32
		{2F4DEA4E-5E0C-42A1-AB5A-9A7410C5796B}.OuRead Release|Win32.ActiveCfg = Release|Win32
		{2F4DEA4E-5E0C-42A1-AB5A-9A7410C5796B}.OuRead Release|Win32.Build.0 = Release|Win32
		{2F4DEA4E-5E0C-42A1-AB5A-9A7410C5796B}.OutRead Debug|Win32.ActiveCfg = Debug|Win32
		{2F4DEA4E-5E0C-42A1-AB5A-9A7410C5796B}.OutRead Debug|Win32.Build.0 = Debug|Win32
		{2F4DEA4E-5E0C-42A1-AB5A-9A7410C5796B}.Release|Win32.ActiveCfg = Release|Win32
		{2F4DEA4E-5E0C-42A1-AB5A-9A7410C5796B}.Release|Win32.Build.0 = Release|Win32
		{2F4DEA4E-5E0C-42A1-AB5A-9A7410C5796B}.Server Debug|Win32.ActiveCfg = Debug|Win32
		{2F4DEA4E-5E0C-42A1-AB5A-9A7410C5796B}.Server Debug|Win32.Build.0 = Debug|Win32
		{2F4DEA4E-5E0C-42A1-AB5A-9A7410C5796B}.Server Release|Win32.ActiveCfg = Release|Win32
		{2F4DEA4E-5E0C-42A1-AB5A-9A7410C5796B}.Server Release|Win32.Build.0 = Release|Win32
		{0CD7F052-084D-4F56-B8C5-DEAA824CD696}.Client Debug|Win32.ActiveCfg = Debug|Win32
		{0CD7F052-084D-4F56-B8C5-DEAA824CD696}.Client Debug|Win32.Build.0 = Debug|Win32
		{0CD7F052-084D-4F56-B8C5-DEAA824CD696}.Client Release|Win32.ActiveCfg = Release|Win32
		{0CD7F052-084D-4F56-B8C5-DEAA824CD696}.Client Release|Win32.Build.0 = Release|Win32
		{0CD7F052-084D-4F56-B8C5-DEAA824CD696}.Debug|Win32.ActiveCfg = Debug|Win32
		{0CD7F052-084D-4F56-B8C5-DEAA824CD696}.Debug|Win32.Build.0 = Debug|Win32
		{0CD7F052-084D-4F56-B8C5-DEAA824CD696}.OuRead Release|Win32.ActiveCfg = Release|Win32
		{0CD7F052-084D-4F56-B8C5-DEAA824CD696}.OuRead Release|Win32.Build.0 = Release|Win32
		{0CD7F052-084D-4F56-B8C5-DEAA824CD696}.OutRead Debug|Win32.ActiveCfg = Debug|Win32
		{0CD7F052-084D-4F56-B8C5-DEAA824CD696}.OutRead Debug|Win32.Build.0 = Debug|Win32
		{0CD7F052-084D-4F56-B8C5-DEAA824CD696}.Release|Win32.ActiveCfg = Release|Win32
		{0CD7F052-084D-4F56-B8C5-DEAA824CD696}.Release|Win32.Build.0 = Release|Win32
		{0CD7F052-084D-4F56-B8C5-DEAA824CD696}.Server Debug|Win32.ActiveCfg = Debug|Win32
		{0CD7F052-084D-4F56-B8C5-DEAA824CD696}.Server Debug|Win32.Build.0 = Debug|Win32
		{0CD7F052-084D-4F56-B8C5-DEAA824CD696}.Server Release|Win32.ActiveCfg = Release|Win32
		{0CD7F052-084D-4F56-B8C5-DEAA824CD696}.Server Release|Win32.Build.0 = Release|Win32
		{5882A9BC-5035-40F4-9022-5699A192E296}.Client Debug|Win32.ActiveCfg = Debug|Win32
		{5882A9BC-5035-40F4-9022-5699A192E296}.Client Debug|Win32.Build.0 = Debug|Win32
		{5882A9BC-5035-40F4-9022-5699A192E296}.Client Release|Win32.ActiveCfg = Release|Win32
		{5882A9BC-5035-40F4-9022-5699A192E296}.Client Release|Win32.Build.0 = Release|Win32
		{5882A9BC-5035-40F4-9022-5699A192E296}.Debug|Win32.ActiveCfg = Debug|Win32
		{5882A9BC-5035-40F4-9022-5699A192E296}.Debug|Win32.Build.0 = Debug|Win32
		{5882A9BC-5035-40F4-9022-5699A192E296}.OuRead Release|Win32.ActiveCfg = Release|Win32
		{5882A9BC-5035-40F4-9022-5699A192E296}.OuRead Release|Win32.Build.0 = Release|Win32
		{5882A9BC-5035-40F4-9022-5699A192E296}.OutRead Debug|Win32.ActiveCfg = Debug|Win32
		{5882A9BC-5035-40F4-9022-5699A192E296}.OutRead Debug|Win32.Build.0 = Debug|Win32
		{5882A9BC-5035-40F4-9022-5699A192E296}.Release|Win32.ActiveCfg = Release|Win32
		{5882A9BC-5035-40F4-9022-5699A192E296}.Release|Win32.Build.0 = Release|Win32
		{5882A9BC-5035-40F4-9022-5699A192E296}.Server Debug|Win32.ActiveCfg = Debug|Win32
		{5882A9BC-5035-40F4-9022-5699A192E296}.Server Debug|Win32.Build.0 = Debug|Win32
		{5882A9BC-5035-40F4-9022-5699A192E296}.Server Release|Win32.ActiveCfg = Release|Win32
		{5882A9BC-5035-40F4-9022-5699A192E296}.Server Release|Win32.Build.0 = Release|Win32
		{F9BAEC95-96C0-49D8-8042-1F234A085ABC}.Client Debug|Win32.ActiveCfg = Debug|Win32
		{F9BAEC95-96C0-49D8-8042-1F234A085ABC}.Client Debug|Win32.Build.0 = Debug|Win32
		{F9BAEC95-96C0-49D8-8042-1F234A085ABC}.Client Release|Win32.ActiveCfg = Release|Win32
		{F9BAEC95-96C0-49D8-8042-1F234A085ABC}.Client Release|Win32.Build.0 = Release|Win32
		{F9BAEC95-96C0-49D8-8042-1F234A085ABC}.Debug|Win32.ActiveCfg = Debug|Win32
		{F9BAEC95-96C0-49D8-8042-1F234A085ABC}.Debug|Win32.Build.0 = Debug|Win32
		{F9BAEC95-96C0-49D8-8042-1F234A085ABC}.OuRead Release|Win32.ActiveCfg = Release|Win32
		{F9BAEC95-96C0-49D8-8042-1F234A085ABC}.OuRead Release|Win32.Build.0 = Release|Win32
		{F9BAEC95-96C0-49D8-8042-1F234A085ABC}.OutRead Debug|Win32.ActiveCfg = Debug|Win32
		{F9BAEC95-96C0-49D8-8042-1F234A085ABC}.OutRead Debug|Win32.Build.0 = Debug|Win32
		{F9BAEC95-96C0-49D8-8042-1F234A085ABC}.Release|Win32.ActiveCfg = Release|Win32
		{F9BAEC95-96C0-49D8-8042-1F234A085ABC}.Release|Win32.Build.0 = Release|Win32
		{F9BAEC95-96C0-49D8-8042-1F234A085ABC}.Server Debug|Win32.ActiveCfg = Debug|Win32
		{F9BAEC95-96C0-49D8-8042-1F234A085ABC}.Server Debug|Win32.Build.0 = Debug|Win32
		{F9BAEC95-96C0-49D8-8042-1F234A085ABC}.Server Release|Win32.ActiveCfg = Release|Win32
		{F9BAEC95-96C0-49D8-8042-1F234A085ABC}.Server Release|Win32.Build.0 = Release|Win32
		{0715226E-6C36-4A30-8B43-1086CCE12FE3}.Client Debug|Win32.ActiveCfg = Debug|Win32
		{0715226E-6C36-4A30-8B43-1086CCE12FE3}.Client Debug|Win32.Build.0 = Debug|Win32
		{0715226E-6C36-4A30-8B43-1086CCE12FE3}.Client Release|Win32.ActiveCfg = Release|Win32
		{0715226E-6C36-4A30-8B43-1086CCE12FE3}.Client Release|Win32.Build.0 = Release|Win32
		{0715226E-6C36-4A30-8B43-1086CCE12FE3}.Debug|Win32.ActiveCfg = Debug|Win32
		{0715226E-6C36-4A30-8B43-1086CCE12FE3}.Debug|Win32.Build.0 = Debug|Win32
		{0715226E-6C36-4A30-8B43-1086CCE12FE3}.OuRead Release|Win32.ActiveCfg = Release|Win32
		{0715226E-6C36-4A30-8B43-1086CCE12FE3}.OuRead Release|Win32.Build.0 = Release|Win32
		{0715226E-6C36-4A30-8B43-1086CCE12FE3}.OutRead Debug|Win32.ActiveCfg = Debug|Win32
		{0715226E-6C36-4A30-8B43-1086CCE12FE3}.OutRead Debug|Win32.Build.0 = Debug|Win32
		{0715226E-6C36-4A30-8B43-1086CCE12FE3}.Release|Win32.ActiveCfg = Release|Win32
		{0715226E-6C36-4A30-8B43-1086CCE12FE3}.Release|Win32.Build.0 = Release|Win32
		{0715226E-6C36-4A30-8B43-1086CCE12FE3}.Server Debug|Win32.ActiveCfg = Debug|Win32
		{0715226E-6C36-4A30-8B43-1086CCE12FE3}.Server Debug|Win32.Build.0 = Debug|Win32
		{0715226E-6C36-4A30-8B43-1086CCE12FE3}.Server Release|Win32.ActiveCfg = Release|Win32
		{0715226E-6C36-4A30-8B43-1086CCE12FE3}.Server Release|Win32.Build.0 = Release|Win32
		{32E0357E-7B70-403B-B1BC-8B3C37341640}.Client Debug|Win32.ActiveCfg = Debug|Win32
		{32E0357E-7B70-403B-B1BC-8B3C37341640}.Client Debug|Win32.Build.0 = Debug|Win32
		{32E0357E-7B70-403B-B1BC-8B3C37341640}.Client Release|Win32.ActiveCfg = Release|Win32
		{32E0357E-7B70-403B-B1BC-8B3C37341640}.Client Release|Win32.Build.0 = Release|Win32
		{32E0357E-7B70-403B-B1BC-8B3C37341640}.Debug|Win32.ActiveCfg = Debug|Win32
		{32E0357E-7B70-403B-B1BC-8B3C37341640}.Debug|Win32.Build.0 = Debug|Win32
		{32E0357E-7B70-403B-B1BC-8B3C37341640}.OuRead Release|Win32.ActiveCfg = Release|Win32
		{32E0357E-7B70-403B-B1BC-8B3C37341640}.OuRead Release|Win32.Build.0 = Release|Win32
		{32E0357E-7B70-403B-B1BC-8B3C37341640}.OutRead Debug|Win32.ActiveCfg = Debug|Win32
		{32E0357E-7B70-403B-B1BC-8B3C37341640}.OutRead Debug|Win32.Build.0 = Debug|Win32
		{32E0357E-7B70-403B-B1BC-8B3C37341640}.Release|Win32.ActiveCfg = Release|Win32
		{32E0357E-7B70-403B-B1BC-8B3C37341640}.Release|Win32.Build.0 = Release|Win32
		{32E0357E-7B70-403B-B1BC-8B3C37341640}.Server Debug|Win32.ActiveCfg = Debug|Win32
		{32E0357E-7B70-403B-B1BC-8B3C37341640}.Server Debug|Win32.Build.0 = Debug|Win32
		{32E0357E-7B70-403B-B1BC-8B3C37341640}.Server Release|Win32.ActiveCfg = Release|Win32
		{32E0357E-7B70-403B-B1BC-8B3C37341640}.Server Release|Win32.Build.0 = Release|Win32
		{7444B4BF-2455-431F-8576-F4FED46C1CDC}.Client Debug|Win32.ActiveCfg = Debug|Win32
		{7444B4BF-2455-431F-8576-F4FED46C1CDC}.Client Debug|Win32.Build.0 = Debug|Win32
		{7444B4BF-2455-431F-8576-F4FED46C1CDC}.Client Release|Win32.ActiveCfg = Release|Win32
		{7444B4BF-2455-431F-8576-F4FED46C1CDC}.Client Release|Win32.Build.0 = Release|Win32
		{7444B4BF-2455-431F-8576-F4FED46C1CDC}.Debug|Win32.ActiveCfg = Debug|Win32
		{7444B4BF-2455-431F-8576-F4FED46C1CDC}.Debug|Win32.Build.0 = Debug|Win32
		{7444B4BF-2455-431F-8576-F4FED46C1CDC}.OuRead Release|Win32.ActiveCfg = Release|Win32
		{7444B4BF-2455-431F-8576-F4FED46C1CDC}.OuRead Release|Win32.Build.0 = Release|Win32
		{7444B4BF-2455-431F-8576-F4FED46C1CDC}.OutRead Debug|Win32.ActiveCfg = Debug|Win32
		{7444B4BF-2455-431F-8576-F4FED46C1CDC}.OutRead Debug|Win32.Build.0 = Debug|Win32
		{7444B4BF-2455-431F-8576-F4FED46C1CDC}.Release|Win32.ActiveCfg = Release|Win32
		{7444B4BF-2455-431F-8576-F4FED46C1CDC}.Release|Win32.Build.0 = Release|Win32
		{7444B4BF-2455-431F-8576-F4FED46C1CDC}.Server Debug|Win32.ActiveCfg = Debug|Win32
		{7444B4BF-2455-431F-8576-F4FED46C1CDC}.Server Debug|Win32.Build.0 = Debug|Win32
		{7444B4BF-2455-431F-8576-F4FED46C1CDC}.Server Release|Win32.ActiveCfg = Release|Win32
		{7444B4BF-2455-431F-8576-F4FED46C1CDC}.Server Release|Win32.Build.0 = Release|Win32
		{A0E7DEC4-2981-4FA0-89D7-D7A36897EC51}.Client Debug|Win32.ActiveCfg = Debug|Win32
		{A0E7DEC4-2981-4FA0-89D7-D7A36897EC51}.Client Debug|Win32.Build.0 = Debug|Win32
		{A0E7DEC4-2981-4FA0-89D7-D7A36897EC51}.Client Release|Win32.ActiveCfg = Release|Win32
		{A0E7DEC4-2981-4FA0-89D7-D7A36897EC51}.Client Release|Win32.Build.0 = Release|Win32
		{A0E7DEC4-2981-4FA0-89D7-D7A36897EC51}.Debug|Win32.ActiveCfg = Debug|Win32
		{A0E7DEC4-2981-4FA0-89D7-D7A36897EC51}.Debug|Win32.Build.0 = Debug|Win32
		{A0E7DEC4-2981-4FA0-89D7-D7A36897EC51}.OuRead Release|Win32.ActiveCfg = Release|Win32
		{A0E7DEC4-2981-4FA0-89D7-D7A36897EC51}.OuRead Release|Win32.Build.0 = Release|Win32
		{A0E7DEC4-2981-4FA0-89D7-D7A36897EC51}.OutRead Debug|Win32.ActiveCfg = Debug|Win32
		{A0E7DEC4-2981-4FA0-89D7-D7A36897EC51}.OutRead Debug|Win32.Build.0 = Debug|Win32
		{A0E7DEC4-2981-4FA0-89D7-D7A36897EC51}.Release|Win32.ActiveCfg = Release|Win32
		{A0E7DEC4-2981-4FA0-89D7-D7A36897EC51}.Release|Win32.Build.0 = Release|Win32
		{A0E7DEC4-2981-4FA0-89D7-D7A36897EC51}.Server Debug|Win32.ActiveCfg = Debug|Win32
		{A0E7DEC4-2981-4FA0-89D7-D7A36897EC51}.Server Debug|Win32.Build.0 = Debug|Win32
		{A0E7DEC4-2981-4FA0-89D7-D7A36897EC51}.Server Release|Win32.ActiveCfg = Release|Win32
		{A0E7DEC4-2981-4FA0-89D7-D7A36897EC51}.Server Release|Win32.Build.0 = Release|Win32
		{DD518058-4806-4682-8EA1-D190C16E0764}.Client Debug|Win32.ActiveCfg = Debug|Win32
		{DD518058-4806-4682-8EA1-D190C16E0764}.Client Debug|Win32.Build.0 = Debug|Win32
		{DD518058-4806-4682-8EA1-D190C16E0764}.Client Release|Win32.ActiveCfg = Release|Win32
		{DD518058-4806-4682-8EA1-D190C16E0764}.Client Release|Win32.Build.0 = Release|Win32
		{DD518058-4806-4682-8EA1-D190C16E0764}.Debug|Win32.ActiveCfg = Debug|Win32
		{DD518058-4806-4682-8EA1-D190C16E0764}.Debug|Win32.Build.0 = Debug|Win32
		{DD518058-4806-4682-8EA1-D190C16E0764}.OuRead Release|Win32.ActiveCfg = Release|Win32
		{DD518058-4806-4682-8EA1-D190C16E0764}.OuRead Release|Win32.Build.0 = Release|Win32
		{DD518058-4806-4682-8EA1-D190C16E0764}.OutRead Debug|Win32.ActiveCfg = Debug|Win32
		{DD518058-4806-4682-8EA1-D190C16E0764}.OutRead Debug|Win32.Build.0 = Debug|Win32
		{DD518058-4806-4682-8EA1-D190C16E0764}.Release|Win32.ActiveCfg = Release|Win32
		{DD518058-4806-4682-8EA1-D190C16E0764}.Release|Win32.Build.0 = Release|Win32
		{DD518058-4806-4682-8EA1-D190C16E0764}.Server Debug|Win32.ActiveCfg = Debug|Win32
		{DD518058-4806-4682-8EA1-D190C16E0764}.Server Debug|Win32.Build.0 = Debug|Win32
		{DD518058-4806-4682-8EA1-D190C16E0764}.Server Release|Win32.ActiveCfg = Release|Win32
		{DD518058-4806-4682-8EA1-D190C16E0764}.Server Release|Win32.Build.0 = Release|Win32
		{78B44032-48E2-46D7-8A21-74A1F38FD954}.Client Debug|Win32.ActiveCfg = Debug|Win32
		{78B44032-48E2-46D7-8A21-74A1F38FD954}.Client Debug|Win32.Build.0 = Debug|Win32
		{78B44032-48E2-46D7-8A21-74A1F38FD954}.Client Release|Win32.ActiveCfg = Release|Win32
		{78B44032-48E2-46D7-8A21-74A1F38FD954}.Client Release|Win32.Build.0 = Release|Win32
		{78B44032-48E2-46D7-8A21-74A1F38FD954}.Debug|Win32.ActiveCfg = Debug|Win32
		{78B44032-48E2-46D7-8A21-74A1F38FD954}.Debug|Win32.Build.0 = Debug|Win32
		{78B44032-48E2-46D7-8A21-74A1F38FD954}.OuRead Release|Win32.ActiveCfg = Release|Win32
		{78B44032-48E2-46D7-8A21-74A1F38FD954}.OuRead Release|Win32.Build.0 = Release|Win32
		{78B44032-48E2-46D7-8A21-74A1F38FD954}.OutRead Debug|Win32.ActiveCfg = Debug|Win32
		{78B44032-48E2-46D7-8A21-74A1F38FD954}.OutRead Debug|Win32.Build.0 = Debug|Win32
		{78B44032-48E2-46D7-8A21-74A1F38FD954}.Release|Win32.ActiveCfg = Release|Win32
		{78B44032-48E2-46D7-8A21-74A1F38FD954}.Release|Win32.Build.0 = Release|Win32
		{78B44032-48E2-46D7-8A21-74A1F38FD954}.Server Debug|Win32.ActiveCfg = Debug|Win32
		{78B44032-48E2-46D7-8A21-74A1F38FD954}.Server Debug|Win32.Build.0 = Debug|Win32
		{78B44032-48E2-46D7-8A21-74A1F38FD954}.Server Release|Win32.ActiveCfg = Release|Win32
		{78B44032-48E2-46D7-8A21-74A1F38FD954}.Server Release|Win32.Build.0 = Release|Win32
		{BCCB465B-F464-4A00-AEDD-4DBB9FB1AF24}.Client Debug|Win32.ActiveCfg = Debug|Win32
		{BCCB465B-F464-4A00-AEDD-4DBB9FB1AF24}.Client Debug|Win32.Build.0 = Debug|Win32
		{BCCB465B-F464-4A00-AEDD-4DBB9FB1AF24}.Client Release|Win32.ActiveCfg = Release|Win32
		{BCCB465B-F464-4A00-AEDD-4DBB9FB1AF24}.Client Release|Win32.Build.0 = Release|Win32
		{BCCB465B-F464-4A00-AEDD-4DBB9FB1AF24}.Debug|Win32.ActiveCfg = Debug|Win32
		{BCCB465B-F464-4A00-AEDD-4DBB9FB1AF24}.Debug|Win32.Build.0 = Debug|Win32
		{BCCB465B-F464-4A00-AEDD-4DBB9FB1AF24}.OuRead Release|Win32.ActiveCfg = Release|Win32
		{BCCB465B-F464-4A00-AEDD-4DBB9FB1AF24}.OuRead Release|Win32.Build.0 = Release|Win32
		{BCCB465B-F464-4A00-AEDD-4DBB9FB1AF24}.OutRead Debug|Win32.ActiveCfg = Debug|Win32
		{BCCB465B-F464-4A00-AEDD-4DBB9FB1AF24}.OutRead Debug|Win32.Build.0 = Debug|Win32
		{BCCB465B-F464-4A00-AEDD-4DBB9FB1AF24}.Release|Win32.ActiveCfg = Release|Win32
		{BCCB465B-F464-4A00-AEDD-4DBB9FB1AF24}.Release|Win32.Build.0 = Release|Win32
		{BCCB465B-F464-4A00-AEDD-4DBB9FB1AF24}.Server Debug|Win32.ActiveCfg = Debug|Win32
		{BCCB465B-F464-4A00-AEDD-4DBB9FB1AF24}.Server Debug|Win32.Build.0 = Debug|Win32
		{BCCB465B-F464-4A00-AEDD-4DBB9FB1AF24}.Server Release|Win32.ActiveCfg = Release|Win32
		{BCCB465B-F464-4A00-AEDD-4DBB9FB1AF24}.Server Release|Win32.Build.0 = Release|Win32
		{B98265A8-390C-4A98-B505-C82A122C871D}.Client Debug|Win32.ActiveCfg = Debug|Win32
		{B98265A8-390C-4A98-B505-C82A122C871D}.Client Debug|Win32.Build.0 = Debug|Win32
		{B98265A8-390C-4A98-B505-C82A122C871D}.Client Release|Win32.ActiveCfg = Release|Win32
		{B98265A8-390C-4A98-B505-C82A122C871D}.Client Release|Win32.Build.0 = Release|Win32
		{B98265A8-390C-4A98-B505-C82A122C871D}.Debug|Win32.ActiveCfg = Debug|Win32
		{B98265A8-390C-4A98-B505-C82A122C871D}.Debug|Win32.Build.0 = Debug|Win32
		{B98265A8-390C-4A98-B505-C82A122C871D}.OuRead Release|Win32.ActiveCfg = Release|Win32
		{B98265A8-390C-4A98-B505-C82A122C871D}.OuRead Release|Win32.Build.0 = Release|Win32
		{B98265A8-390C-4A98-B505-C82A122C871D}.OutRead Debug|Win32.ActiveCfg = Debug|Win32
		{B98265A8-390C-4A98-B505-C82A122C871D}.OutRead Debug|Win32.Build.0 = Debug|Win32
		{B98265A8-390C-4A98-B505-C82A122C871D}.Release|Win32.ActiveCfg = Release|Win32
		{B98265A8-390C-4A98-B505-C82A122C871D}.Release|Win32.Build.0 = Release|Win32
		{B98265A8-390C-4A98-B505-C82A122C871D}.Server Debug|Win32.ActiveCfg = Debug|Win32
		{B98265A8-390C-4A98-B505-C82A122C871D}.Server Debug|Win32.Build.0 = Debug|Win32
		{B98265A8-390C-4A98-B505-C82A122C871D}.Server Release|Win32.ActiveCfg = Release|Win32
		{B98265A8-390C-4A98-B505-C82A122C871D}.Server Release|Win32.Build.0 = Release|Win32
		{AB9E7426-7D87-44F7-A7F3-D3BEB15255E1}.Client Debug|Win32.ActiveCfg = Debug|Win32
		{AB9E7426-7D87-44F7-A7F3-D3BEB15255E1}.Client Debug|Win32.Build.0 = Debug|Win32
		{AB9E7426-7D87-44F7-A7F3-D3BEB15255E1}.Client Release|Win32.ActiveCfg = Release|Win32
		{AB9E7426-7D87-44F7-A7F3-D3BEB15255E1}.Client Release|Win32.Build.0 = Release|Win32
		{AB9E7426-7D87-44F7-A7F3-D3BEB15255E1}.Debug|Win32.ActiveCfg = Debug|Win32
		{AB9E7426-7D87-44F7-A7F3-D3BEB15255E1}.Debug|Win32.Build.0 = Debug|Win32
		{AB9E7426-7D87-44F7-A7F3-D3BEB15255E1}.OuRead Release|Win32.ActiveCfg = Release|Win32
		{AB9E7426-7D87-44F7-A7F3-D3BEB15255E1}.OuRead Release|Win32.Build.0 = Release|Win32
		{AB9E7426-7D87-44F7-A7F3-D3BEB15255E1}.OutRead Debug|Win32.ActiveCfg = Debug|Win32
		{AB9E7426-7D87-44F7-A7F3-D3BEB15255E1}.OutRead Debug|Win32.Build.0 = Debug|Win32
		{AB9E7426-7D87-44F7-A7F3-D3BEB15255E1}.Release|Win32.ActiveCfg = Release|Win32
		{AB9E7426-7D87-44F7-A7F3-D3BEB15255E1}.Release|Win32.Build.0 = Release|Win32
		{AB9E7426-7D87-44F7-A7F3-D3BEB15255E1}.Server Debug|Win32.ActiveCfg = Debug|Win32
		{AB9E7426-7D87-44F7-A7F3-D3BEB15255E1}.Server Debug|Win32.Build.0 = Debug|Win32
		{AB9E7426-7D87-44F7-A7F3-D3BEB15255E1}.Server Release|Win32.ActiveCfg = Release|Win32
		{AB9E7426-7D87-44F7-A7F3-D3BEB15255E1}.Server Release|Win32.Build.0 = Release|Win32
		{702AD251-A91F-4336-AB24-72D84269AE4B}.Client Debug|Win32.ActiveCfg = Debug|Win32
		{702AD251-A91F-4336-AB24-72D84269AE4B}.Client Debug|Win32.Build.0 = Debug|Win32
		{702AD251-A91F-4336-AB24-72D84269AE4B}.Client Release|Win32.ActiveCfg = Release|Win32
		{702AD251-A91F-4336-AB24-72D84269AE4B}.Client Release|Win32.Build.0 = Release|Win32
		{702AD251-A91F-4336-AB24-72D84269AE4B}.Debug|Win32.ActiveCfg = Debug|Win32
		{702AD251-A91F-4336-AB24-72D84269AE4B}.Debug|Win32.Build.0 = Debug|Win32
		{702AD251-A91F-4336-AB24-72D84269AE4B}.OuRead Release|Win32.ActiveCfg = OuRead Release|Win32
		{702AD251-A91F-4336-AB24-72D84269AE4B}.OuRead Release|Win32.Build.0 = OuRead Release|Win32
		{702AD251-A91F-4336-AB24-72D84269AE4B}.OutRead Debug|Win32.ActiveCfg = OutRead Debug|Win32
		{702AD251-A91F-4336-AB24-72D84269AE4B}.OutRead Debug|Win32.Build.0 = OutRead Debug|Win32
		{702AD251-A91F-4336-AB24-72D84269AE4B}.Release|Win32.ActiveCfg = Release|Win32
		{702AD251-A91F-4336-AB24-72D84269AE4B}.Release|Win32.Build.0 = Release|Win32
		{702AD251-A91F-4336-AB24-72D84269AE4B}.Server Debug|Win32.ActiveCfg = Debug|Win32
		{702AD251-A91F-4336-AB24-72D84269AE4B}.Server Debug|Win32.Build.0 = Debug|Win32
		{702AD251-A91F-4336-AB24-72D84269AE4B}.Server Release|Win32.ActiveCfg = Release|Win32
		{702AD251-A91F-4336-AB24-72D84269AE4B}.Server Release|Win32.Build.0 = Release|Win32
		{585F380B-3EA4-4F24-9819-91C150872957}.Client Debug|Win32.ActiveCfg = Client Debug|Win32
		{585F380B-3EA4-4F24-9819-91C150872957}.Client Debug|Win32.Build.0 = Client Debug|Win32
		{585F380B-3EA4-4F24-9819-91C150872957}.Client Release|Win32.ActiveCfg = Client Release|Win32
		{585F380B-3EA4-4F24-9819-91C150872957}.Client Release|Win32.Build.0 = Client Release|Win32
		{585F380B-3EA4-4F24-9819-91C150872957}.Debug|Win32.ActiveCfg = Client Debug|Win32
		{585F380B-3EA4-4F24-9819-91C150872957}.Debug|Win32.Build.0 = Client Debug|Win32
		{585F380B-3EA4-4F24-9819-91C150872957}.OuRead Release|Win32.ActiveCfg = Client Debug|Win32
		{585F380B-3EA4-4F24-9819-91C150872957}.OuRead Release|Win32.Build.0 = Client Debug|Win32
		{585F380B-3EA4-4F24-9819-91C150872957}.OutRead Debug|Win32.ActiveCfg = Client Debug|Win32
		{585F380B-3EA4-4F24-9819-91C150872957}.OutRead Debug|Win32.Build.0 = Client Debug|Win32
		{585F380B-3EA4-4F24-9819-91C150872957}.Release|Win32.ActiveCfg = Server Release|Win32
		{585F380B-3EA4-4F24-9819-91C150872957}.Release|Win32.Build.0 = Server Release|Win32
		{585F380B-3EA4-4F24-9819-91C150872957}.Server Debug|Win32.ActiveCfg = Server Debug|Win32
		{585F380B-3EA4-4F24-9819-91C150872957}.Server Debug|Win32.Build.0 = Server Debug|Win32
		{585F380B-3EA4-4F24-9819-91C150872957}.Server Release|Win32.ActiveCfg = Server Release|Win32
		{585F380B-3EA4-4F24-9819-91C150872957}.Server Release|Win32.Build.0 = Server Release|Win32
		{1CCE2CDB-AFF7-47F4-8C94-0B7015587C18}.Client Debug|Win32.ActiveCfg = Debug|Win32
		{1CCE2CDB-AFF7-47F4-8C94-0B7015587C18}.Client Debug|Win32.Build.0 = Debug|Win32
		{1CCE2CDB-AFF7-47F4-8C94-0B7015587C18}.Client Release|Win32.ActiveCfg = Release|Win32
		{1CCE2CDB-AFF7-47F4-8C94-0B7015587C18}.Client Release|Win32.Build.0 = Release|Win32
		{1CCE2CDB-AFF7-47F4-8C94-0B7015587C18}.Debug|Win32.ActiveCfg = Debug|Win32
		{1CCE2CDB-AFF7-47F4-8C94-0B7015587C18}.Debug|Win32.Build.0 = Debug|Win32
		{1CCE2CDB-AFF7-47F4-8C94-0B7015587C18}.OuRead Release|Win32.ActiveCfg = Release|Win32
		{1CCE2CDB-AFF7-47F4-8C94-0B7015587C18}.OuRead Release|Win32.Build.0 = Release|Win32
		{1CCE2CDB-AFF7-47F4-8C94-0B7015587C18}.OutRead Debug|Win32.ActiveCfg = Debug|Win32
		{1CCE2CDB-AFF7-47F4-8C94-0B7015587C18}.OutRead Debug|Win32.Build.0 = Debug|Win32
		{1CCE2CDB-AFF7-47F4-8C94-0B7015587C18}.Release|Win32.ActiveCfg = Release|Win32
		{1CCE2CDB-AFF7-47F4-8C94-0B7015587C18}.Release|Win32.Build.0 = Release|Win32
		{1CCE2CDB-AFF7-47F4-8C94-0B7015587C18}.Server Debug|Win32.ActiveCfg = Debug|Win32
		{1CCE2CDB-AFF7-47F4-8C94-0B7015587C18}.Server Debug|Win32.Build.0 = Debug|Win32
		{1CCE2CDB-AFF7-47F4-8C94-0B7015587C18}.Server Release|Win32.ActiveCfg = Release|Win32
		{1CCE2CDB-AFF7-47F4-8C94-0B7015587C18}.Server Release|Win32.Build.0 = Release|Win32
		{9A5ED284-77BD-4957-AAB7-4472CBBD834C}.Client Debug|Win32.ActiveCfg = Debug|Win32
		{9A5ED284-77BD-4957-AAB7-4472CBBD834C}.Client Debug|Win32.Build.0 = Debug|Win32
		{9A5ED284-77BD-4957-AAB7-4472CBBD834C}.Client Release|Win32.ActiveCfg = Release|Win32
		{9A5ED284-77BD-4957-AAB7-4472CBBD834C}.Client Release|Win32.Build.0 = Release|Win32
		{9A5ED284-77BD-4957-AAB7-4472CBBD834C}.Debug|Win32.ActiveCfg = Debug|Win32
		{9A5ED284-77BD-4957-AAB7-4472CBBD834C}.Debug|Win32.Build.0 = Debug|Win32
		{9A5ED284-77BD-4957-AAB7-4472CBBD834C}.OuRead Release|Win32.ActiveCfg = Release|Win32
		{9A5ED284-77BD-4957-AAB7-4472CBBD834C}.OuRead Release|Win32.Build.0 = Release|Win32
		{9A5ED284-77BD-4957-AAB7-4472CBBD834C}.OutRead Debug|Win32.ActiveCfg = Debug|Win32
		{9A5ED284-77BD-4957-AAB7-4472CBBD834C}.OutRead Debug|Win32.Build.0 = Debug|Win32
		{9A5ED284-77BD-4957-AAB7-4472CBBD834C}.Release|Win32.ActiveCfg = Release|Win32
		{9A5ED284-77BD-4957-AAB7-4472CBBD834C}.Release|Win32.Build.0 = Release|Win32
		{9A5ED284-77BD-4957-AAB7-4472CBBD834C}.Server Debug|Win32.ActiveCfg = Debug|Win32
		{9A5ED284-77BD-4957-AAB7-4472CBBD834C}.Server Debug|Win32.Build.0 = Debug|Win32
		{9A5ED284-77BD-4957-AAB7-4472CBBD834C}.Server Release|Win32.ActiveCfg = Release|Win32
		{9A5ED284-77BD-4957-AAB7-4472CBBD834C}.Server Release|Win32.Build.0 = Release|Win32
		{FCB240D3-A35D-42FB-83E2-867B381C8AB8}.Client Debug|Win32.ActiveCfg = Debug|Win32
		{FCB240D3-A35D-42FB-83E2-867B381C8AB8}.Client Debug|Win32.Build.0 = Debug|Win32
		{FCB240D3-A35D-42FB-83E2-867B381C8AB8}.Client Release|Win32.ActiveCfg = Release|Win32
		{FCB240D3-A35D-42FB-83E2-867B381C8AB8}.Client Release|Win32.Build.0 = Release|Win32
		{FCB240D3-A35D-42FB-83E2-867B381C8AB8}.Debug|Win32.ActiveCfg = Debug|Win32
		{FCB240D3-A35D-42FB-83E2-867B381C8AB8}.Debug|Win32.Build.0 = Debug|Win32
		{FCB240D3-A35D-42FB-83E2-867B381C8AB8}.OuRead Release|Win32.ActiveCfg = Release|Win32
		{FCB240D3-A35D-42FB-83E2-867B381C8AB8}.OuRead Release|Win32.Build.0 = Release|Win32
		{FCB240D3-A35D-42FB-83E2-867B381C8AB8}.OutRead Debug|Win32.ActiveCfg = Debug|Win32
		{FCB240D3-A35D-42FB-83E2-867B381C8AB8}.OutRead Debug|Win32.Build.0 = Debug|Win32
		{FCB240D3-A35D-42FB-83E2-867B381C8AB8}.Release|Win32.ActiveCfg = Release|Win32
		{FCB240D3-A35D-42FB-83E2-867B381C8AB8}.Release|Win32.Build.0 = Release|Win32
		{FCB240D3-A35D-42FB-83E2-867B381C8AB8}.Server Debug|Win32.ActiveCfg = Debug|Win32
		{FCB240D3-A35D-42FB-83E2-867B381C8AB8}.Server Debug|Win32.Build.0 = Debug|Win32
		{FCB240D3-A35D-42FB-83E2-867B381C8AB8}.Server Release|Win32.ActiveCfg = Release|Win32
		{FCB240D3-A35D-42FB-83E2-867B381C8AB8}.Server Release|Win32.Build.0 = Release|Win32
		{C8E793EF-2AB5-49DD-951B-32A0281A1A7A}.Client Debug|Win32.ActiveCfg = Debug|Win32
		{C8E793EF-2AB5-49DD-951B-32A0281A1A7A}.Client Debug|Win32.Build.0 = Debug|Win32
		{C8E793EF-2AB5-49DD-951B-32A0281A1A7A}.Client Release|Win32.ActiveCfg = Release|Win32
		{C8E793EF-2AB5-49DD-951B-32A0281A1A7A}.Client Release|Win32.Build.0 = Release|Win32
		{C8E793EF-2AB5-49DD-951B-32A0281A1A7A}.Debug|Win32.ActiveCfg = Debug|Win32
		{C8E793EF-2AB5-49DD-951B-32A0281A1A7A}.Debug|Win32.Build.0 = Debug|Win32
		{C8E793EF-2AB5-49DD-951B-32A0281A1A7A}.OuRead Release|Win32.ActiveCfg = Release|Win32
		{C8E793EF-2AB5-49DD-951B-32A0281A1A7A}.OuRead Release|Win32.Build.0 = Release|Win32
		{C8E793EF-2AB5-49DD-951B-32A0281A1A7A}.OutRead Debug|Win32.ActiveCfg = Debug|Win32
		{C8E793EF-2AB5-49DD-951B-32A0281A1A7A}.OutRead Debug|Win32.Build.0 = Debug|Win32
		{C8E793EF-2AB5-49DD-951B-32A0281A1A7A}.Release|Win32.ActiveCfg = Release|Win32
		{C8E793EF-2AB5-49DD-951B-32A0281A1A7A}.Release|Win32.Build.0 = Release|Win32
		{C8E793EF-2AB5-49DD-951B-32A0281A1A7A}.Server Debug|Win32.ActiveCfg = Debug|Win32
		{C8E793EF-2AB5-49DD-951B-32A0281A1A7A}.Server Debug|Win32.Build.0 = Debug|Win32
		{C8E793EF-2AB5-49DD-951B-32A0281A1A7A}.Server Release|Win32.ActiveCfg = Release|Win32
		{C8E793EF-2AB5-49DD-951B-32A0281A1A7A}.Server Release|Win32.Build.0 = Release|Win32
		{4A7A495F-3A99-49CC-BE36-4CE195459D44}.Client Debug|Win32.ActiveCfg = Debug|Win32
		{4A7A495F-3A99-49CC-BE36-4CE195459D44}.Client Debug|Win32.Build.0 = Debug|Win32
		{4A7A495F-3A99-49CC-BE36-4CE195459D44}.Client Release|Win32.ActiveCfg = Release|Win32
		{4A7A495F-3A99-49CC-BE36-4CE195459D44}.Client Release|Win32.Build.0 = Release|Win32
		{4A7A495F-3A99-49CC-BE36-4CE195459D44}.Debug|Win32.ActiveCfg = Debug|Win32
		{4A7A495F-3A99-49CC-BE36-4CE195459D44}.Debug|Win32.Build.0 = Debug|Win32
		{4A7A495F-3A99-49CC-BE36-4CE195459D44}.OuRead Release|Win32.ActiveCfg = Release|Win32
		{4A7A495F-3A99-49CC-BE36-4CE195459D44}.OuRead Release|Win32.Build.0 = Release|Win32
		{4A7A495F-3A99-49CC-BE36-4CE195459D44}.OutRead Debug|Win32.ActiveCfg = Debug|Win32
		{4A7A495F-3A99-49CC-BE36-4CE195459D44}.OutRead Debug|Win32.Build.0 = Debug|Win32
		{4A7A495F-3A99-49CC-BE36-4CE195459D44}.Release|Win32.ActiveCfg = Release|Win32
		{4A7A495F-3A99-49CC-BE36-4CE195459D44}.Release|Win32.Build.0 = Release|Win32
		{4A7A495F-3A99-49CC-BE36-4CE195459D44}.Server Debug|Win32.ActiveCfg = Debug|Win32
		{4A7A495F-3A99-49CC-BE36-4CE195459D44}.Server Debug|Win32.Build.0 = Debug|Win32
		{4A7A495F-3A99-49CC-BE36-4CE195459D44}.Server Release|Win32.ActiveCfg = Release|Win32
		{4A7A495F-3A99-49CC-BE36-4CE195459D44}.Server Release|Win32.Build.0 = Release|Win32
		{90711BC3-089E-4908-B36C-95D2C01B578E}.Client Debug|Win32.ActiveCfg = Debug|Win32
		{90711BC3-089E-4908-B36C-95D2C01B578E}.Client Debug|Win32.Build.0 = Debug|Win32
		{90711BC3-089E-4908-B36C-95D2C01B578E}.Client Release|Win32.ActiveCfg = Release|Win32
		{90711BC3-089E-4908-B36C-95D2C01B578E}.Client Release|Win32.Build.0 = Release|Win32
		{90711BC3-089E-4908-B36C-95D2C01B578E}.Debug|Win32.ActiveCfg = Debug|Win32
		{90711BC3-089E-4908-B36C-95D2C01B578E}.Debug|Win32.Build.0 = Debug|Win32
		{90711BC3-089E-4908-B36C-95D2C01B578E}.OuRead Release|Win32.ActiveCfg = Release|Win32
		{90711BC3-089E-4908-B36C-95D2C01B578E}.OuRead Release|Win32.Build.0 = Release|Win32
		{90711BC3-089E-4908-B36C-95D2C01B578E}.OutRead Debug|Win32.ActiveCfg = Debug|Win32
		{90711BC3-089E-4908-B36C-95D2C01B578E}.OutRead Debug|Win32.Build.0 = Debug|Win32
		{90711BC3-089E-4908-B36C-95D2C01B578E}.Release|Win32.ActiveCfg = Release|Win32
		{90711BC3-089E-4908-B36C-95D2C01B578E}.Release|Win32.Build.0 = Release|Win32
		{90711BC3-089E-4908-B36C-95D2C01B578E}.Server Debug|Win32.ActiveCfg = Debug|Win32
		{90711BC3-089E-4908-B36C-95D2C01B578E}.Server Debug|Win32.Build.0 = Debug|Win32
		{90711BC3-089E-4908-B36C-95D2C01B578E}.Server Release|Win32.ActiveCfg = Release|Win32
		{90711BC3-089E-4908-B36C-95D2C01B578E}.Server Release|Win32.Build.0 = Release|Win32
		{09C6030A-421B-443C-B12B-6E8BD4283492}.Client Debug|Win32.ActiveCfg = Debug|Win32
		{09C6030A-421B-443C-B12B-6E8BD4283492}.Client Debug|Win32.Build.0 = Debug|Win32
		{09C6030A-421B-443C-B12B-6E8BD4283492}.Client Release|Win32.ActiveCfg = Release|Win32
		{09C6030A-421B-443C-B12B-6E8BD4283492}.Client Release|Win32.Build.0 = Release|Win32
		{09C6030A-421B-443C-B12B-6E8BD4283492}.Debug|Win32.ActiveCfg = Debug|Win32
		{09C6030A-421B-443C-B12B-6E8BD4283492}.Debug|Win32.Build.0 = Debug|Win32
		{09C6030A-421B-443C-B12B-6E8BD4283492}.OuRead Release|Win32.ActiveCfg = Release|Win32
		{09C6030A-421B-443C-B12B-6E8BD4283492}.OuRead Release|Win32.Build.0 = Release|Win32
		{09C6030A-421B-443C-B12B-6E8BD4283492}.OutRead Debug|Win32.ActiveCfg = Debug|Win32
		{09C6030A-421B-443C-B12B-6E8BD4283492}.OutRead Debug|Win32.Build.0 = Debug|Win32
		{09C6030A-421B-443C-B12B-6E8BD4283492}.Release|Win32.ActiveCfg = Release|Win32
		{09C6030A-421B-443C-B12B-6E8BD4283492}.Release|Win32.Build.0 = Release|Win32
		{09C6030A-421B-443C-B12B-6E8BD4283492}.Server Debug|Win32.ActiveCfg = Debug|Win32
		{09C6030A-421B-443C-B12B-6E8BD4283492}.Server Debug|Win32.Build.0 = Debug|Win32
		{09C6030A-421B-443C-B12B-6E8BD4283492}.Server Release|Win32.ActiveCfg = Release|Win32
		{09C6030A-421B-443C-B12B-6E8BD4283492}.Server Release|Win32.Build.0 = Release|Win32
		{0B1CADA5-18ED-4FB3-A88F-B2A377909803}.Client Debug|Win32.ActiveCfg = Debug|Win32
		{0B1CADA5-18ED-4FB3-A88F-B2A377909803}.Client Debug|Win32.Build.0 = Debug|Win32
		{0B1CADA5-18ED-4FB3-A88F-B2A377909803}.Client Release|Win32.ActiveCfg = Release|Win32
		{0B1CADA5-18ED-4FB3-A88F-B2A377909803}.Client Release|Win32.Build.0 = Release|Win32
		{0B1CADA5-18ED-4FB3-A88F-B2A377909803}.Debug|Win32.ActiveCfg = Debug|Win32
		{0B1CADA5-18ED-4FB3-A88F-B2A377909803}.Debug|Win32.Build.0 = Debug|Win32
		{0B1CADA5-18ED-4FB3-A88F-B2A377909803}.OuRead Release|Win32.ActiveCfg = Release|Win32
		{0B1CADA5-18ED-4FB3-A88F-B2A377909803}.OuRead Release|Win32.Build.0 = Release|Win32
		{0B1CADA5-18ED-4FB3-A88F-B2A377909803}.OutRead Debug|Win32.ActiveCfg = Debug|Win32
		{0B1CADA5-18ED-4FB3-A88F-B2A377909803}.OutRead Debug|Win32.Build.0 = Debug|Win32
		{0B1CADA5-18ED-4FB3-A88F-B2A377909803}.Release|Win32.ActiveCfg = Release|Win32
		{0B1CADA5-18ED-4FB3-A88F-B2A377909803}.Release|Win32.Build.0 = Release|Win32
		{0B1CADA5-18ED-4FB3-A88F-B2A377909803}.Server Debug|Win32.ActiveCfg = Debug|Win32
		{0B1CADA5-18ED-4FB3-A88F-B2A377909803}.Server Debug|Win32.Build.0 = Debug|Win32
		{0B1CADA5-18ED-4FB3-A88F-B2A377909803}.Server Release|Win32.ActiveCfg = Release|Win32
		{0B1CADA5-18ED-4FB3-A88F-B2A377909803}.Server Release|Win32.Build.0 = Release|Win32
		{30D86894-611A-4E18-B387-6A6311D151F7}.Client Debug|Win32.ActiveCfg = Debug|Win32
		{30D86894-611A-4E18-B387-6A6311D151F7}.Client Debug|Win32.Build.0 = Debug|Win32
		{30D86894-611A-4E18-B387-6A6311D151F7}.Client Release|Win32.ActiveCfg = Release|Win32
		{30D86894-611A-4E18-B387-6A6311D151F7}.Client Release|Win32.Build.0 = Release|Win32
		{30D86894-611A-4E18-B387-6A6311D151F7}.Debug|Win32.ActiveCfg = Debug|Win32
		{30D86894-611A-4E18-B387-6A6311D151F7}.Debug|Win32.Build.0 = Debug|Win32
		{30D86894-611A-4E18-B387-6A6311D151F7}.OuRead Release|Win32.ActiveCfg = Release|Win32
		{30D86894-611A-4E18-B387-6A6311D151F7}.OuRead Release|Win32.Build.0 = Release|Win32
		{30D86894-611A-4E18-B387-6A6311D151F7}.OutRead Debug|Win32.ActiveCfg = Debug|Win32
		{30D86894-611A-4E18-B387-6A6311D151F7}.OutRead Debug|Win32.Build.0 = Debug|Win32
		{30D86894-611A-4E18-B387-6A6311D151F7}.Release|Win32.ActiveCfg = Release|Win32
		{30D86894-611A-4E18-B387-6A6311D151F7}.Release|Win32.Build.0 = Release|Win32
		{30D86894-611A-4E18-B387-6A6311D151F7}.Server Debug|Win32.ActiveCfg = Debug|Win32
		{30D86894-611A-4E18-B387-6A6311D151F7}.Server Debug|Win32.Build.0 = Debug|Win32
		{30D86894-611A-4E18-B387-6A6311D151F7}.Server Release|Win32.ActiveCfg = Release|Win32
		{30D86894-611A-4E18-B387-6A6311D151F7}.Server Release|Win32.Build.0 = Release|Win32
		{A9E7DD53-8666-4B42-809D-5782CE925575}.Client Debug|Win32.ActiveCfg = Debug|Win32
		{A9E7DD53-8666-4B42-809D-5782CE925575}.Client Debug|Win32.Build.0 = Debug|Win32
		{A9E7DD53-8666-4B42-809D-5782CE925575}.Client Release|Win32.ActiveCfg = Release|Win32
		{A9E7DD53-8666-4B42-809D-5782CE925575}.Client Release|Win32.Build.0 = Release|Win32
		{A9E7DD53-8666-4B42-809D-5782CE925575}.Debug|Win32.ActiveCfg = Debug|Win32
		{A9E7DD53-8666-4B42-809D-5782CE925575}.Debug|Win32.Build.0 = Debug|Win32
		{A9E7DD53-8666-4B42-809D-5782CE925575}.OuRead Release|Win32.ActiveCfg = Release|Win32
		{A9E7DD53-8666-4B42-809D-5782CE925575}.OuRead Release|Win32.Build.0 = Release|Win32
		{A9E7DD53-8666-4B42-809D-5782CE925575}.OutRead Debug|Win32.ActiveCfg = Debug|Win32
		{A9E7DD53-8666-4B42-809D-5782CE925575}.OutRead Debug|Win32.Build.0 = Debug|Win32
		{A9E7DD53-8666-4B42-809D-5782CE925575}.Release|Win32.ActiveCfg = Release|Win32
		{A9E7DD53-8666-4B42-809D-5782CE925575}.Release|Win32.Build.0 = Release|Win32
		{A9E7DD53-8666-4B42-809D-5782CE925575}.Server Debug|Win32.ActiveCfg = Debug|Win32
		{A9E7DD53-8666-4B42-809D-5782CE925575}.Server Debug|Win32.Build.0 = Debug|Win32
		{A9E7DD53-8666-4B42-809D-5782CE925575}.Server Release|Win32.ActiveCfg = Release|Win32
		{A9E7DD53-8666-4B42-809D-5782CE925575}.Server Release|Win32.Build.0 = Release|Win32
		{9D8BD39A-3BF0-4239-B99C-E1E89EE6CE90}.Client Debug|Win32.ActiveCfg = Debug|Win32
		{9D8BD39A-3BF0-4239-B99C-E1E89EE6CE90}.Client Debug|Win32.Build.0 = Debug|Win32
		{9D8BD39A-3BF0-4239-B99C-E1E89EE6CE90}.Client Release|Win32.ActiveCfg = Release|Win32
		{9D8BD39A-3BF0-4239-B99C-E1E89EE6CE90}.Client Release|Win32.Build.0 = Release|Win32
		{9D8BD39A-3BF0-4239-B99C-E1E89EE6CE90}.Debug|Win32.ActiveCfg = Debug|Win32
		{9D8BD39A-3BF0-4239-B99C-E1E89EE6CE90}.Debug|Win32.Build.0 = Debug|Win32
		{9D8BD39A-3BF0-4239-B99C-E1E89EE6CE90}.OuRead Release|Win32.ActiveCfg = Release|Win32
		{9D8BD39A-3BF0-4239-B99C-E1E89EE6CE90}.OuRead Release|Win32.Build.0 = Release|Win32
		{9D8BD39A-3BF0-4239-B99C-E1E89EE6CE90}.OutRead Debug|Win32.ActiveCfg = Debug|Win32
		{9D8BD39A-3BF0-4239-B99C-E1E89EE6CE90}.OutRead Debug|Win32.Build.0 = Debug|Win32
		{9D8BD39A-3BF0-4239-B99C-E1E89EE6CE90}.Release|Win32.ActiveCfg = Release|Win32
		{9D8BD39A-3BF0-4239-B99C-E1E89EE6CE90}.Release|Win32.Build.0 = Release|Win32
		{9D8BD39A-3BF0-4239-B99C-E1E89EE6CE90}.Server Debug|Win32.ActiveCfg = Debug|Win32
		{9D8BD39A-3BF0-4239-B99C-E1E89EE6CE90}.Server Debug|Win32.Build.0 = Debug|Win32
		{9D8BD39A-3BF0-4239-B99C-E1E89EE6CE90}.Server Release|Win32.ActiveCfg = Release|Win32
		{9D8BD39A-3BF0-4239-B99C-E1E89EE6CE90}.Server Release|Win32.Build.0 = Release|Win32
		{76AAE7A9-E00F-4CBD-BEBB-35AE9521A988}.Client Debug|Win32.ActiveCfg = Debug|Win32
		{76AAE7A9-E00F-4CBD-BEBB-35AE9521A988}.Client Debug|Win32.Build.0 = Debug|Win32
		{76AAE7A9-E00F-4CBD-BEBB-35AE9521A988}.Client Release|Win32.ActiveCfg = Release|Win32
		{76AAE7A9-E00F-4CBD-BEBB-35AE9521A988}.Client Release|Win32.Build.0 = Release|Win32
		{76AAE7A9-E00F-4CBD-BEBB-35AE9521A988}.Debug|Win32.ActiveCfg = Debug|Win32
		{76AAE7A9-E00F-4CBD-BEBB-35AE9521A988}.Debug|Win32.Build.0 = Debug|Win32
		{76AAE7A9-E00F-4CBD-BEBB-35AE9521A988}.OuRead Release|Win32.ActiveCfg = Release|Win32
		{76AAE7A9-E00F-4CBD-BEBB-35AE9521A988}.OuRead Release|Win32.Build.0 = Release|Win32
		{76AAE7A9-E00F-4CBD-BEBB-35AE9521A988}.OutRead Debug|Win32.ActiveCfg = Debug|Win32
		{76AAE7A9-E00F-4CBD-BEBB-35AE9521A988}.OutRead Debug|Win32.Build.0 = Debug|Win32
		{76AAE7A9-E00F-4CBD-BEBB-35AE9521A988}.Release|Win32.ActiveCfg = Release|Win32
		{76AAE7A9-E00F-4CBD-BEBB-35AE9521A988}.Release|Win32.Build.0 = Release|Win32
		{76AAE7A9-E00F-4CBD-BEBB-35AE9521A988}.Server Debug|Win32.ActiveCfg = Debug|Win32
		{76AAE7A9-E00F-4CBD-BEBB-35AE9521A988}.Server Debug|Win32.Build.0 = Debug|Win32
		{76AAE7A9-E00F-4CBD-BEBB-35AE9521A988}.Server Release|Win32.ActiveCfg = Release|Win32
		{76AAE7A9-E00F-4CBD-BEBB-35AE9521A988}.Server Release|Win32.Build.0 = Release|Win32
		{65501A54-FDEB-4928-A446-FCB41922FEEC}.Client Debug|Win32.ActiveCfg = Debug|Win32
		{65501A54-FDEB-4928-A446-FCB41922FEEC}.Client Debug|Win32.Build.0 = Debug|Win32
		{65501A54-FDEB-4928-A446-FCB41922FEEC}.Client Release|Win32.ActiveCfg = Release|Win32
		{65501A54-FDEB-4928-A446-FCB41922FEEC}.Client Release|Win32.Build.0 = Release|Win32
		{65501A54-FDEB-4928-A446-FCB41922FEEC}.Debug|Win32.ActiveCfg = Debug|Win32
		{65501A54-FDEB-4928-A446-FCB41922FEEC}.Debug|Win32.Build.0 = Debug|Win32
		{65501A54-FDEB-4928-A446-FCB41922FEEC}.OuRead Release|Win32.ActiveCfg = Release|Win32
		{65501A54-FDEB-4928-A446-FCB41922FEEC}.OuRead Release|Win32.Build.0 = Release|Win32
		{65501A54-FDEB-4928-A446-FCB41922FEEC}.OutRead Debug|Win32.ActiveCfg = Debug|Win32
		{65501A54-FDEB-4928-A446-FCB41922FEEC}.OutRead Debug|Win32.Build.0 = Debug|Win32
		{65501A54-FDEB-4928-A446-FCB41922FEEC}.Release|Win32.ActiveCfg = Release|Win32
		{65501A54-FDEB-4928-A446-FCB41922FEEC}.Release|Win32.Build.0 = Release|Win32
		{65501A54-FDEB-4928-A446-FCB41922FEEC}.Server Debug|Win32.ActiveCfg = Debug|Win32
		{65501A54-FDEB-4928-A446-FCB41922FEEC}.Server Debug|Win32.Build.0 = Debug|Win32
		{65501A54-FDEB-4928-A446-FCB41922FEEC}.Server Release|Win32.ActiveCfg = Release|Win32
		{65501A54-FDEB-4928-A446-FCB41922FEEC}.Server Release|Win32.Build.0 = Release|Win32
		{EF25D53C-299A-4EC3-A344-49C9F9522F94}.Client Debug|Win32.ActiveCfg = Debug|Win32
		{EF25D53C-299A-4EC3-A344-49C9F9522F94}.Client Debug|Win32.Build.0 = Debug|Win32
		{EF25D53C-299A-4EC3-A344-49C9F9522F94}.Client Release|Win32.ActiveCfg = Release|Win32
		{EF25D53C-299A-4EC3-A344-49C9F9522F94}.Client Release|Win32.Build.0 = Release|Win32
		{EF25D53C-299A-4EC3-A344-49C9F9522F94}.Debug|Win32.ActiveCfg = Debug|Win32
		{EF25D53C-299A-4EC3-A344-49C9F9522F94}.Debug|Win32.Build.0 = Debug|Win32
		{EF25D53C-299A-4EC3-A344-49C9F9522F94}.OuRead Release|Win32.ActiveCfg = Release|Win32
		{EF25D53C-299A-4EC3-A344-49C9F9522F94}.OuRead Release|Win32.Build.0 = Release|Win32
		{EF25D53C-299A-4EC3-A344-49C9F9522F94}.OutRead Debug|Win32.ActiveCfg = Debug|Win32
		{EF25D53C-299A-4EC3-A344-49C9F9522F94}.OutRead Debug|Win32.Build.0 = Debug|Win32
		{EF25D53C-299A-4EC3-A344-49C9F9522F94}.Release|Win32.ActiveCfg = Release|Win32
		{EF25D53C-299A-4EC3-A344-49C9F9522F94}.Release|Win32.Build.0 = Release|Win32
		{EF25D53C-299A-4EC3-A344-49C9F9522F94}.Server Debug|Win32.ActiveCfg = Debug|Win32
		{EF25D53C-299A-4EC3-A344-49C9F9522F94}.Server Debug|Win32.Build.0 = Debug|Win32
		{EF25D53C-299A-4EC3-A344-49C9F9522F94}.Server Release|Win32.ActiveCfg = Release|Win32
		{EF25D53C-299A-4EC3-A344-49C9F9522F94}.Server Release|Win32.Build.0 = Release|Win32
		{18832527-8755-4B8C-AD9B-AC066A97BEE5}.Client Debug|Win32.ActiveCfg = Debug|Win32
		{18832527-8755-4B8C-AD9B-AC066A97BEE5}.Client Debug|Win32.Build.0 = Debug|Win32
		{18832527-8755-4B8C-AD9B-AC066A97BEE5}.Client Release|Win32.ActiveCfg = Release|Win32
		{18832527-8755-4B8C-AD9B-AC066A97BEE5}.Client Release|Win32.Build.0 = Release|Win32
		{18832527-8755-4B8C-AD9B-AC066A97BEE5}.Debug|Win32.ActiveCfg = Debug|Win32
		{18832527-8755-4B8C-AD9B-AC066A97BEE5}.Debug|Win32.Build.0 = Debug|Win32
		{18832527-8755-4B8C-AD9B-AC066A97BEE5}.OuRead Release|Win32.ActiveCfg = Release|Win32
		{18832527-8755-4B8C-AD9B-AC066A97BEE5}.OuRead Release|Win32.Build.0 = Release|Win32
		{18832527-8755-4B8C-AD9B-AC066A97BEE5}.OutRead Debug|Win32.ActiveCfg = Debug|Win32
		{18832527-8755-4B8C-AD9B-AC066A97BEE5}.OutRead Debug|Win32.Build.0 = Debug|Win32
		{18832527-8755-4B8C-AD9B-AC066A97BEE5}.Release|Win32.ActiveCfg = Release|Win32
		{18832527-8755-4B8C-AD9B-AC066A97BEE5}.Release|Win32.Build.0 = Release|Win32
		{18832527-8755-4B8C-AD9B-AC066A97BEE5}.Server Debug|Win32.ActiveCfg = Debug|Win32
		{18832527-8755-4B8C-AD9B-AC066A97BEE5}.Server Debug|Win32.Build.0 = Debug|Win32
		{18832527-8755-4B8C-AD9B-AC066A97BEE5}.Server Release|Win32.ActiveCfg = Release|Win32
		{18832527-8755-4B8C-AD9B-AC066A97BEE5}.Server Release|Win32.Build.0 = Release|Win32
		{FF6255DE-AEF1-4F75-A95C-C3BE82638B47}.Client Debug|Win32.ActiveCfg = Debug|Win32
		{FF6255DE-AEF1-4F75-A95C-C3BE82638B47}.Client Debug|Win32.Build.0 = Debug|Win32
		{FF6255DE-AEF1-4F75-A95C-C3BE82638B47}.Client Release|Win32.ActiveCfg = Release|Win32
		{FF6255DE-AEF1-4F75-A95C-C3BE82638B47}.Client Release|Win32.Build.0 = Release|Win32
		{FF6255DE-AEF1-4F75-A95C-C3BE82638B47}.Debug|Win32.ActiveCfg = Debug|Win32
		{FF6255DE-AEF1-4F75-A95C-C3BE82638B47}.Debug|Win32.Build.0 = Debug|Win32
		{FF6255DE-AEF1-4F75-A95C-C3BE82638B47}.OuRead Release|Win32.ActiveCfg = Release|Win32
		{FF6255DE-AEF1-4F75-A95C-C3BE82638B47}.OuRead Release|Win32.Build.0 = Release|Win32
		{FF6255DE-AEF1-4F75-A95C-C3BE82638B47}.OutRead Debug|Win32.ActiveCfg = Debug|Win32
		{FF6255DE-AEF1-4F75-A95C-C3BE82638B47}.OutRead Debug|Win32.Build.0 = Debug|Win32
		{FF6255DE-AEF1-4F75-A95C-C3BE82638B47}.Release|Win32.ActiveCfg = Release|Win32
		{FF6255DE-AEF1-4F75-A95C-C3BE82638B47}.Release|Win32.Build.0 = Release|Win32
		{FF6255DE-AEF1-4F75-A95C-C3BE82638B47}.Server Debug|Win32.ActiveCfg = Debug|Win32
		{FF6255DE-AEF1-4F75-A95C-C3BE82638B47}.Server Debug|Win32.Build.0 = Debug|Win32
		{FF6255DE-AEF1-4F75-A95C-C3BE82638B47}.Server Release|Win32.ActiveCfg = Release|Win32
		{FF6255DE-AEF1-4F75-A95C-C3BE82638B47}.Server Release|Win32.Build.0 = Release|Win32
		{59AF45D8-C50A-43B3-99AA-F4525ED1A4FC}.Client Debug|Win32.ActiveCfg = Debug|Win32
		{59AF45D8-C50A-43B3-99AA-F4525ED1A4FC}.Client Debug|Win32.Build.0 = Debug|Win32
		{59AF45D8-C50A-43B3-99AA-F4525ED1A4FC}.Client Release|Win32.ActiveCfg = Release|Win32
		{59AF45D8-C50A-43B3-99AA-F4525ED1A4FC}.Client Release|Win32.Build.0 = Release|Win32
		{59AF45D8-C50A-43B3-99AA-F4525ED1A4FC}.Debug|Win32.ActiveCfg = Debug|Win32
		{59AF45D8-C50A-43B3-99AA-F4525ED1A4FC}.Debug|Win32.Build.0 = Debug|Win32
		{59AF45D8-C50A-43B3-99AA-F4525ED1A4FC}.OuRead Release|Win32.ActiveCfg = Release|Win32
		{59AF45D8-C50A-43B3-99AA-F4525ED1A4FC}.OuRead Release|Win32.Build.0 = Release|Win32
		{59AF45D8-C50A-43B3-99AA-F4525ED1A4FC}.OutRead Debug|Win32.ActiveCfg = Debug|Win32
		{59AF45D8-C50A-43B3-99AA-F4525ED1A4FC}.OutRead Debug|Win32.Build.0 = Debug|Win32
		{59AF45D8-C50A-43B3-99AA-F4525ED1A4FC}.Release|Win32.ActiveCfg = Release|Win32
		{59AF45D8-C50A-43B3-99AA-F4525ED1A4FC}.Release|Win32.Build.0 = Release|Win32
		{59AF45D8-C50A-43B3-99AA-F4525ED1A4FC}.Server Debug|Win32.ActiveCfg = Debug|Win32
		{59AF45D8-C50A-43B3-99AA-F4525ED1A4FC}.Server Debug|Win32.Build.0 = Debug|Win32
		{59AF45D8-C50A-43B3-99AA-F4525ED1A4FC}.Server Release|Win32.ActiveCfg = Release|Win32
		{59AF45D8-C50A-43B3-99AA-F4525ED1A4FC}.Server Release|Win32.Build.0 = Release|Win32
	EndGlobalSection
	GlobalSection(SolutionProperties) = preSolution
		HideSolutionNode = FALSE
	EndGlobalSection
	GlobalSection(NestedProjects) = preSolution
		{2F4DEA4E-5E0C-42A1-AB5A-9A7410C5796B} = {2E731C0A-A6AB-4F94-9D59-20C6C9DBDBB2}
		{0CD7F052-084D-4F56-B8C5-DEAA824CD696} = {2E731C0A-A6AB-4F94-9D59-20C6C9DBDBB2}
		{78B44032-48E2-46D7-8A21-74A1F38FD954} = {2E731C0A-A6AB-4F94-9D59-20C6C9DBDBB2}
		{09C6030A-421B-443C-B12B-6E8BD4283492} = {2E731C0A-A6AB-4F94-9D59-20C6C9DBDBB2}
		{0B1CADA5-18ED-4FB3-A88F-B2A377909803} = {2E731C0A-A6AB-4F94-9D59-20C6C9DBDBB2}
		{30D86894-611A-4E18-B387-6A6311D151F7} = {2E731C0A-A6AB-4F94-9D59-20C6C9DBDBB2}
		{5882A9BC-5035-40F4-9022-5699A192E296} = {28547CE2-50D3-49B6-B5FF-301EB6C8F194}
		{F9BAEC95-96C0-49D8-8042-1F234A085ABC} = {28547CE2-50D3-49B6-B5FF-301EB6C8F194}
		{0715226E-6C36-4A30-8B43-1086CCE12FE3} = {28547CE2-50D3-49B6-B5FF-301EB6C8F194}
		{32E0357E-7B70-403B-B1BC-8B3C37341640} = {28547CE2-50D3-49B6-B5FF-301EB6C8F194}
		{7444B4BF-2455-431F-8576-F4FED46C1CDC} = {28547CE2-50D3-49B6-B5FF-301EB6C8F194}
		{DD518058-4806-4682-8EA1-D190C16E0764} = {28547CE2-50D3-49B6-B5FF-301EB6C8F194}
		{4A7A495F-3A99-49CC-BE36-4CE195459D44} = {28547CE2-50D3-49B6-B5FF-301EB6C8F194}
		{B98265A8-390C-4A98-B505-C82A122C871D} = {6FA9DC19-F7BF-4F77-85D4-FA4AF3BEA7C0}
		{AB9E7426-7D87-44F7-A7F3-D3BEB15255E1} = {6FA9DC19-F7BF-4F77-85D4-FA4AF3BEA7C0}
		{702AD251-A91F-4336-AB24-72D84269AE4B} = {6FA9DC19-F7BF-4F77-85D4-FA4AF3BEA7C0}
		{585F380B-3EA4-4F24-9819-91C150872957} = {6FA9DC19-F7BF-4F77-85D4-FA4AF3BEA7C0}
		{1CCE2CDB-AFF7-47F4-8C94-0B7015587C18} = {6FA9DC19-F7BF-4F77-85D4-FA4AF3BEA7C0}
		{9A5ED284-77BD-4957-AAB7-4472CBBD834C} = {6FA9DC19-F7BF-4F77-85D4-FA4AF3BEA7C0}
		{59AF45D8-C50A-43B3-99AA-F4525ED1A4FC} = {6FA9DC19-F7BF-4F77-85D4-FA4AF3BEA7C0}
		{FCB240D3-A35D-42FB-83E2-867B381C8AB8} = {8D5B845F-78A9-4519-AEA0-4CBDEFADFCB7}
		{C8E793EF-2AB5-49DD-951B-32A0281A1A7A} = {8D5B845F-78A9-4519-AEA0-4CBDEFADFCB7}
		{90711BC3-089E-4908-B36C-95D2C01B578E} = {8D5B845F-78A9-4519-AEA0-4CBDEFADFCB7}
		{A9E7DD53-8666-4B42-809D-5782CE925575} = {8D5B845F-78A9-4519-AEA0-4CBDEFADFCB7}
		{9D8BD39A-3BF0-4239-B99C-E1E89EE6CE90} = {8D5B845F-78A9-4519-AEA0-4CBDEFADFCB7}
		{76AAE7A9-E00F-4CBD-BEBB-35AE9521A988} = {8D5B845F-78A9-4519-AEA0-4CBDEFADFCB7}
		{65501A54-FDEB-4928-A446-FCB41922FEEC} = {8D5B845F-78A9-4519-AEA0-4CBDEFADFCB7}
		{EF25D53C-299A-4EC3-A344-49C9F9522F94} = {8D5B845F-78A9-4519-AEA0-4CBDEFADFCB7}
		{18832527-8755-4B8C-AD9B-AC066A97BEE5} = {8D5B845F-78A9-4519-AEA0-4CBDEFADFCB7}
		{FF6255DE-AEF1-4F75-A95C-C3BE82638B47} = {8D5B845F-78A9-4519-AEA0-4CBDEFADFCB7}
	EndGlobalSection
EndGlobal
