<?xml version="1.0" encoding="utf-8"?>
<Project ToolsVersion="4.0" xmlns="http://schemas.microsoft.com/developer/msbuild/2003">
  <ItemGroup>
    <Filter Include="Source Files">
      <UniqueIdentifier>{dff7fabd-7e96-498b-a2f0-efb6b14b69b0}</UniqueIdentifier>
      <Extensions>cpp;c;cxx;rc;def;r;odl;idl;hpj;bat</Extensions>
    </Filter>
    <Filter Include="Header Files">
      <UniqueIdentifier>{55e1d0cc-3e76-4718-adfb-7c8173e7264a}</UniqueIdentifier>
      <Extensions>h;hpp;hxx;hm;inl</Extensions>
    </Filter>
  </ItemGroup>
  <ItemGroup>
    <ClCompile Include="Src\KJpegColor.c">
      <Filter>Source Files</Filter>
    </ClCompile>
    <ClCompile Include="Src\KJpegDecode.c">
      <Filter>Source Files</Filter>
    </ClCompile>
    <ClCompile Include="Src\KJpegHuffman.c">
      <Filter>Source Files</Filter>
    </ClCompile>
    <ClCompile Include="Src\KJpegIdct.c">
      <Filter>Source Files</Filter>
    </ClCompile>
    <ClCompile Include="Src\KJpegIdct2d.c">
      <Filter>Source Files</Filter>
    </ClCompile>
    <ClCompile Include="Src\KJpegLib.c">
      <Filter>Source Files</Filter>
    </ClCompile>
    <ClCompile Include="Src\KJpegQuanty.c">
      <Filter>Source Files</Filter>
    </ClCompile>
    <ClCompile Include="Src\KJpegSegment.c">
      <Filter>Source Files</Filter>
    </ClCompile>
  </ItemGroup>
  <ItemGroup>
    <ClInclude Include="Src\KJpegLib.h">
      <Filter>Header Files</Filter>
    </ClInclude>
  </ItemGroup>
</Project>