<?xml version="1.0" encoding="utf-8"?>
<Project ToolsVersion="4.0" xmlns="http://schemas.microsoft.com/developer/msbuild/2003">
  <ItemGroup>
    <Filter Include="Source Files">
      <UniqueIdentifier>{346100e7-1dad-4621-8deb-06c2ce60b508}</UniqueIdentifier>
      <Extensions>cpp;c;cxx;rc;def;r;odl;idl;hpj;bat</Extensions>
    </Filter>
    <Filter Include="Header Files">
      <UniqueIdentifier>{56a021d7-ca75-4ed2-b3c2-31aabdc51ac0}</UniqueIdentifier>
      <Extensions>h;hpp;hxx;hm;inl</Extensions>
    </Filter>
    <Filter Include="Resource Files">
      <UniqueIdentifier>{eeac25c4-4b66-4880-8b97-48049fc44b10}</UniqueIdentifier>
      <Extensions>ico;cur;bmp;dlg;rc2;rct;bin;rgs;gif;jpg;jpeg;jpe</Extensions>
    </Filter>
  </ItemGroup>
  <ItemGroup>
    <ClCompile Include="GlobalFun.cpp">
      <Filter>Source Files</Filter>
    </ClCompile>
    <ClCompile Include="KThread.cpp">
      <Filter>Source Files</Filter>
    </ClCompile>
    <ClCompile Include="LogFile.cpp">
      <Filter>Source Files</Filter>
    </ClCompile>
    <ClCompile Include="main.cpp">
      <Filter>Source Files</Filter>
    </ClCompile>
    <ClCompile Include="S3P_MSSQLServer_Result.cpp">
      <Filter>Source Files</Filter>
    </ClCompile>
    <ClCompile Include="S3PAccount.cpp">
      <Filter>Source Files</Filter>
    </ClCompile>
    <ClCompile Include="S3PDB_MSSQLServer_Connection.cpp">
      <Filter>Source Files</Filter>
    </ClCompile>
    <ClCompile Include="S3PDBConnectionPool.cpp">
      <Filter>Source Files</Filter>
    </ClCompile>
    <ClCompile Include="S3PDBConVBC.cpp">
      <Filter>Source Files</Filter>
    </ClCompile>
    <ClCompile Include="S3PDBSocketPool.cpp">
      <Filter>Source Files</Filter>
    </ClCompile>
    <ClCompile Include="S3PResultVBC.cpp">
      <Filter>Source Files</Filter>
    </ClCompile>
    <ClCompile Include="StdAfx.cpp">
      <Filter>Source Files</Filter>
    </ClCompile>
  </ItemGroup>
  <ItemGroup>
    <ClInclude Include="AccountLoginDef.h">
      <Filter>Header Files</Filter>
    </ClInclude>
    <ClInclude Include="GlobalDTD.h">
      <Filter>Header Files</Filter>
    </ClInclude>
    <ClInclude Include="GlobalFun.h">
      <Filter>Header Files</Filter>
    </ClInclude>
    <ClInclude Include="KStdAfx.h">
      <Filter>Header Files</Filter>
    </ClInclude>
    <ClInclude Include="KThread.h">
      <Filter>Header Files</Filter>
    </ClInclude>
    <ClInclude Include="LogFile.h">
      <Filter>Header Files</Filter>
    </ClInclude>
    <ClInclude Include="S3P_MSSQLServer_Result.h">
      <Filter>Header Files</Filter>
    </ClInclude>
    <ClInclude Include="S3PAccount.h">
      <Filter>Header Files</Filter>
    </ClInclude>
    <ClInclude Include="S3PDB_MSSQLServer_Connection.h">
      <Filter>Header Files</Filter>
    </ClInclude>
    <ClInclude Include="S3PDBConnectionPool.h">
      <Filter>Header Files</Filter>
    </ClInclude>
    <ClInclude Include="S3PDBConVBC.h">
      <Filter>Header Files</Filter>
    </ClInclude>
    <ClInclude Include="S3PDBSocketPool.h">
      <Filter>Header Files</Filter>
    </ClInclude>
    <ClInclude Include="S3PResultVBC.h">
      <Filter>Header Files</Filter>
    </ClInclude>
    <ClInclude Include="StdAfx.h">
      <Filter>Header Files</Filter>
    </ClInclude>
    <ClInclude Include="resource.h">
      <Filter>Resource Files</Filter>
    </ClInclude>
  </ItemGroup>
  <ItemGroup>
    <Image Include="Sword3PaySys.ico">
      <Filter>Resource Files</Filter>
    </Image>
    <Image Include="Sword3PaySys2.ico">
      <Filter>Resource Files</Filter>
    </Image>
  </ItemGroup>
  <ItemGroup>
    <ResourceCompile Include="Sword3PaySys.rc">
      <Filter>Resource Files</Filter>
    </ResourceCompile>
  </ItemGroup>
  <ItemGroup>
    <None Include="msado15.tlh" />
    <None Include="msado15.tli" />
  </ItemGroup>
  <ItemGroup>
    <Text Include="ReadMe.txt" />
  </ItemGroup>
</Project>