<?xml version="1.0" encoding="utf-8"?>
<Project ToolsVersion="4.0" xmlns="http://schemas.microsoft.com/developer/msbuild/2003">
  <ItemGroup>
    <Filter Include="Source Files">
      <UniqueIdentifier>{67582bb5-6a12-4d6c-938a-adf3c18564aa}</UniqueIdentifier>
      <Extensions>cpp;c;cxx;rc;def;r;odl;idl;hpj;bat</Extensions>
    </Filter>
    <Filter Include="Header Files">
      <UniqueIdentifier>{179a2796-5de3-49f8-b8bf-b0e922a43ee1}</UniqueIdentifier>
      <Extensions>h;hpp;hxx;hm;inl</Extensions>
    </Filter>
    <Filter Include="Resource Files">
      <UniqueIdentifier>{51ba1747-18ed-47d3-b401-0bc9994697a3}</UniqueIdentifier>
      <Extensions>ico;cur;bmp;dlg;rc2;rct;bin;rgs;gif;jpg;jpeg;jpe</Extensions>
    </Filter>
    <Filter Include="Library">
      <UniqueIdentifier>{4a39ea5f-0c8e-42c3-b798-6ad99fe67974}</UniqueIdentifier>
    </Filter>
    <Filter Include="Library\debug">
      <UniqueIdentifier>{56f8897a-c7db-426c-ba06-1d72b128c50b}</UniqueIdentifier>
    </Filter>
    <Filter Include="Library\release">
      <UniqueIdentifier>{75f199ed-6a73-4937-9fd3-481ca2dc2ee4}</UniqueIdentifier>
    </Filter>
    <Filter Include="帮会">
      <UniqueIdentifier>{97ff9cfa-52b2-4afc-830b-f2eb540a06d3}</UniqueIdentifier>
    </Filter>
    <Filter Include="ProtocolHeaderFiles">
      <UniqueIdentifier>{cf0e4bea-d319-41b1-8ff0-accb07385ffd}</UniqueIdentifier>
    </Filter>
  </ItemGroup>
  <ItemGroup>
    <ClCompile Include="ChannelMgr.cpp">
      <Filter>Source Files</Filter>
    </ClCompile>
    <ClCompile Include="ChatConnect.cpp">
      <Filter>Source Files</Filter>
    </ClCompile>
    <ClCompile Include="ChatServer.cpp">
      <Filter>Source Files</Filter>
    </ClCompile>
    <ClCompile Include="DBConnect.cpp">
      <Filter>Source Files</Filter>
    </ClCompile>
    <ClCompile Include="DBTable.cpp">
      <Filter>Source Files</Filter>
    </ClCompile>
    <ClCompile Include="DealRelay.cpp">
      <Filter>Source Files</Filter>
    </ClCompile>
    <ClCompile Include="DoScript.cpp">
      <Filter>Source Files</Filter>
    </ClCompile>
    <ClCompile Include="FriendMgr.cpp">
      <Filter>Source Files</Filter>
    </ClCompile>
    <ClCompile Include="GatewayCenter.cpp">
      <Filter>Source Files</Filter>
    </ClCompile>
    <ClCompile Include="GatewayClient.cpp">
      <Filter>Source Files</Filter>
    </ClCompile>
    <ClCompile Include="Global.cpp">
      <Filter>Source Files</Filter>
    </ClCompile>
    <ClCompile Include="HeavenLib.cpp">
      <Filter>Source Files</Filter>
    </ClCompile>
    <ClCompile Include="HostConnect.cpp">
      <Filter>Source Files</Filter>
    </ClCompile>
    <ClCompile Include="HostServer.cpp">
      <Filter>Source Files</Filter>
    </ClCompile>
    <ClCompile Include="KThread.cpp">
      <Filter>Source Files</Filter>
    </ClCompile>
    <ClCompile Include="Lock.cpp">
      <Filter>Source Files</Filter>
    </ClCompile>
    <ClCompile Include="LogFile.cpp">
      <Filter>Source Files</Filter>
    </ClCompile>
    <ClCompile Include="Memory.cpp">
      <Filter>Source Files</Filter>
    </ClCompile>
    <ClCompile Include="NetCenter.cpp">
      <Filter>Source Files</Filter>
    </ClCompile>
    <ClCompile Include="NetClient.cpp">
      <Filter>Source Files</Filter>
    </ClCompile>
    <ClCompile Include="NetConnect.cpp">
      <Filter>Source Files</Filter>
    </ClCompile>
    <ClCompile Include="NetServer.cpp">
      <Filter>Source Files</Filter>
    </ClCompile>
    <ClCompile Include="NetSockDupEx.cpp">
      <Filter>Source Files</Filter>
    </ClCompile>
    <ClCompile Include="RainbowLib.cpp">
      <Filter>Source Files</Filter>
    </ClCompile>
    <ClCompile Include="RelayCenter.cpp">
      <Filter>Source Files</Filter>
    </ClCompile>
    <ClCompile Include="RelayClient.cpp">
      <Filter>Source Files</Filter>
    </ClCompile>
    <ClCompile Include="RelayConnect.cpp">
      <Filter>Source Files</Filter>
    </ClCompile>
    <ClCompile Include="RelayServer.cpp">
      <Filter>Source Files</Filter>
    </ClCompile>
    <ClCompile Include="RootCenter.cpp">
      <Filter>Source Files</Filter>
    </ClCompile>
    <ClCompile Include="RootClient.cpp">
      <Filter>Source Files</Filter>
    </ClCompile>
    <ClCompile Include="S3Relay.cpp">
      <Filter>Source Files</Filter>
    </ClCompile>
    <ClCompile Include="SockThread.cpp">
      <Filter>Source Files</Filter>
    </ClCompile>
    <ClCompile Include="StdAfx.cpp">
      <Filter>Source Files</Filter>
    </ClCompile>
    <ClCompile Include="TongConnect.cpp">
      <Filter>Source Files</Filter>
    </ClCompile>
    <ClCompile Include="TongServer.cpp">
      <Filter>Source Files</Filter>
    </ClCompile>
    <ClCompile Include="KTongControl.cpp">
      <Filter>帮会</Filter>
    </ClCompile>
    <ClCompile Include="KTongSet.cpp">
      <Filter>帮会</Filter>
    </ClCompile>
    <ClCompile Include="TONGDB.CPP">
      <Filter>帮会</Filter>
    </ClCompile>
  </ItemGroup>
  <ItemGroup>
    <ResourceCompile Include="S3Relay.rc">
      <Filter>Source Files</Filter>
    </ResourceCompile>
  </ItemGroup>
  <ItemGroup>
    <ClInclude Include="ChannelMgr.h">
      <Filter>Header Files</Filter>
    </ClInclude>
    <ClInclude Include="ChatConnect.h">
      <Filter>Header Files</Filter>
    </ClInclude>
    <ClInclude Include="ChatServer.h">
      <Filter>Header Files</Filter>
    </ClInclude>
    <ClInclude Include="DBConnect.h">
      <Filter>Header Files</Filter>
    </ClInclude>
    <ClInclude Include="DBTable.h">
      <Filter>Header Files</Filter>
    </ClInclude>
    <ClInclude Include="DealRelay.h">
      <Filter>Header Files</Filter>
    </ClInclude>
    <ClInclude Include="DoScript.h">
      <Filter>Header Files</Filter>
    </ClInclude>
    <ClInclude Include="FriendMgr.h">
      <Filter>Header Files</Filter>
    </ClInclude>
    <ClInclude Include="GatewayCenter.h">
      <Filter>Header Files</Filter>
    </ClInclude>
    <ClInclude Include="GatewayClient.h">
      <Filter>Header Files</Filter>
    </ClInclude>
    <ClInclude Include="Global.h">
      <Filter>Header Files</Filter>
    </ClInclude>
    <ClInclude Include="HeavenLib.h">
      <Filter>Header Files</Filter>
    </ClInclude>
    <ClInclude Include="HostConnect.h">
      <Filter>Header Files</Filter>
    </ClInclude>
    <ClInclude Include="HostServer.h">
      <Filter>Header Files</Filter>
    </ClInclude>
    <ClInclude Include="KThread.h">
      <Filter>Header Files</Filter>
    </ClInclude>
    <ClInclude Include="Lock.h">
      <Filter>Header Files</Filter>
    </ClInclude>
    <ClInclude Include="LogFile.h">
      <Filter>Header Files</Filter>
    </ClInclude>
    <ClInclude Include="Memory.h">
      <Filter>Header Files</Filter>
    </ClInclude>
    <ClInclude Include="NetCenter.h">
      <Filter>Header Files</Filter>
    </ClInclude>
    <ClInclude Include="NetClient.h">
      <Filter>Header Files</Filter>
    </ClInclude>
    <ClInclude Include="NetConnect.h">
      <Filter>Header Files</Filter>
    </ClInclude>
    <ClInclude Include="NetServer.h">
      <Filter>Header Files</Filter>
    </ClInclude>
    <ClInclude Include="NetSockDupEx.h">
      <Filter>Header Files</Filter>
    </ClInclude>
    <ClInclude Include="RainbowLib.h">
      <Filter>Header Files</Filter>
    </ClInclude>
    <ClInclude Include="RelayCenter.h">
      <Filter>Header Files</Filter>
    </ClInclude>
    <ClInclude Include="RelayClient.h">
      <Filter>Header Files</Filter>
    </ClInclude>
    <ClInclude Include="RelayConnect.h">
      <Filter>Header Files</Filter>
    </ClInclude>
    <ClInclude Include="RelayServer.h">
      <Filter>Header Files</Filter>
    </ClInclude>
    <ClInclude Include="resource.h">
      <Filter>Header Files</Filter>
    </ClInclude>
    <ClInclude Include="RootCenter.h">
      <Filter>Header Files</Filter>
    </ClInclude>
    <ClInclude Include="RootClient.h">
      <Filter>Header Files</Filter>
    </ClInclude>
    <ClInclude Include="S3Relay.h">
      <Filter>Header Files</Filter>
    </ClInclude>
    <ClInclude Include="SockThread.h">
      <Filter>Header Files</Filter>
    </ClInclude>
    <ClInclude Include="StdAfx.h">
      <Filter>Header Files</Filter>
    </ClInclude>
    <ClInclude Include="TongConnect.h">
      <Filter>Header Files</Filter>
    </ClInclude>
    <ClInclude Include="TongServer.h">
      <Filter>Header Files</Filter>
    </ClInclude>
    <ClInclude Include="KTongControl.h">
      <Filter>帮会</Filter>
    </ClInclude>
    <ClInclude Include="KTongSet.h">
      <Filter>帮会</Filter>
    </ClInclude>
    <ClInclude Include="TONGDB.H">
      <Filter>帮会</Filter>
    </ClInclude>
    <ClInclude Include="..\..\..\Headers\KRelayProtocol.h">
      <Filter>ProtocolHeaderFiles</Filter>
    </ClInclude>
    <ClInclude Include="..\..\..\Headers\KTongProtocol.h">
      <Filter>ProtocolHeaderFiles</Filter>
    </ClInclude>
  </ItemGroup>
  <ItemGroup>
    <Image Include="S3Relay.ico">
      <Filter>Resource Files</Filter>
    </Image>
    <Image Include="small.ico">
      <Filter>Resource Files</Filter>
    </Image>
  </ItemGroup>
  <ItemGroup>
    <Text Include="ReadMe.txt" />
  </ItemGroup>
  <ItemGroup>
    <CustomBuild Include="..\..\..\Lib\debug\engine.lib">
      <Filter>Library\debug</Filter>
    </CustomBuild>
    <CustomBuild Include="..\..\..\Lib\release\engine.lib">
      <Filter>Library\release</Filter>
    </CustomBuild>
  </ItemGroup>
  <ItemGroup>
    <Library Include="libdb62d.lib">
      <Filter>Library</Filter>
    </Library>
  </ItemGroup>
</Project>