<?xml version="1.0" encoding="utf-8"?>
<Project ToolsVersion="4.0" xmlns="http://schemas.microsoft.com/developer/msbuild/2003">
  <ItemGroup>
    <Filter Include="Source Files">
      <UniqueIdentifier>{e1d16d3b-30d7-4878-be94-2774cf0e3f04}</UniqueIdentifier>
      <Extensions>cpp;c;cxx;rc;def;r;odl;idl;hpj;bat</Extensions>
    </Filter>
    <Filter Include="Header Files">
      <UniqueIdentifier>{df1e2eaa-9c7d-4f8b-8725-5242013a7142}</UniqueIdentifier>
      <Extensions>h;hpp;hxx;hm;inl</Extensions>
    </Filter>
    <Filter Include="Libs">
      <UniqueIdentifier>{549faea7-4796-49d1-a96f-2f94744405e5}</UniqueIdentifier>
      <Extensions>.lib</Extensions>
    </Filter>
    <Filter Include="Resource Files">
      <UniqueIdentifier>{5373026e-3d02-4ea7-993c-98de103d7da1}</UniqueIdentifier>
      <Extensions>ico;cur;bmp;dlg;rc2;rct;bin;rgs;gif;jpg;jpeg;jpe</Extensions>
    </Filter>
  </ItemGroup>
  <ItemGroup>
    <ClCompile Include="KLAviFile.cpp">
      <Filter>Source Files</Filter>
    </ClCompile>
    <ClCompile Include="KLCFile.cpp">
      <Filter>Source Files</Filter>
    </ClCompile>
    <ClCompile Include="KLMp3Music.cpp">
      <Filter>Source Files</Filter>
    </ClCompile>
    <ClCompile Include="KLMp4Audio.cpp">
      <Filter>Source Files</Filter>
    </ClCompile>
    <ClCompile Include="KLMp4Video.cpp">
      <Filter>Source Files</Filter>
    </ClCompile>
    <ClCompile Include="KLMusic.cpp">
      <Filter>Source Files</Filter>
    </ClCompile>
    <ClCompile Include="KLThread.cpp">
      <Filter>Source Files</Filter>
    </ClCompile>
    <ClCompile Include="KLVideo.cpp">
      <Filter>Source Files</Filter>
    </ClCompile>
    <ClCompile Include="StdAfx.cpp">
      <Filter>Source Files</Filter>
    </ClCompile>
  </ItemGroup>
  <ItemGroup>
    <ClInclude Include="KLAviFile.h">
      <Filter>Header Files</Filter>
    </ClInclude>
    <ClInclude Include="KLMp3Music.h">
      <Filter>Header Files</Filter>
    </ClInclude>
    <ClInclude Include="KLMp4Audio.h">
      <Filter>Header Files</Filter>
    </ClInclude>
    <ClInclude Include="KLMp4Video.h">
      <Filter>Header Files</Filter>
    </ClInclude>
    <ClInclude Include="KLMusic.h">
      <Filter>Header Files</Filter>
    </ClInclude>
    <ClInclude Include="KLVideo.h">
      <Filter>Header Files</Filter>
    </ClInclude>
    <ClInclude Include="StdAfx.h">
      <Filter>Header Files</Filter>
    </ClInclude>
  </ItemGroup>
  <ItemGroup>
    <Library Include="..\..\Lib\decore.lib">
      <Filter>Libs</Filter>
    </Library>
    <Library Include="..\..\Lib\mp3lib.lib">
      <Filter>Libs</Filter>
    </Library>
  </ItemGroup>
  <ItemGroup>
    <Text Include="ReadMe.txt" />
  </ItemGroup>
</Project>