<?xml version="1.0" encoding="utf-8"?>
<Project ToolsVersion="4.0" xmlns="http://schemas.microsoft.com/developer/msbuild/2003">
  <ItemGroup>
    <Filter Include="Source Files">
      <UniqueIdentifier>{409165f5-90d6-43f1-86c0-d184ca45baff}</UniqueIdentifier>
      <Extensions>cpp;c;cxx;rc;def;r;odl;idl;hpj;bat;for;f90</Extensions>
    </Filter>
    <Filter Include="Header Files">
      <UniqueIdentifier>{30b05b67-92e7-4d24-8945-8e628acbca88}</UniqueIdentifier>
      <Extensions>h;hpp;hxx;hm;inl;fi;fd</Extensions>
    </Filter>
    <Filter Include="Resource Files">
      <UniqueIdentifier>{b7a3054d-f1b6-4a8f-adb1-51b8168aa4aa}</UniqueIdentifier>
      <Extensions>ico;cur;bmp;dlg;rc2;rct;bin;cnt;rtf;gif;jpg;jpeg;jpe</Extensions>
    </Filter>
  </ItemGroup>
  <ItemGroup>
    <ClCompile Include="d3dapp.cpp">
      <Filter>Source Files</Filter>
    </ClCompile>
    <ClCompile Include="d3denum.cpp">
      <Filter>Source Files</Filter>
    </ClCompile>
    <ClCompile Include="d3dfile.cpp">
      <Filter>Source Files</Filter>
    </ClCompile>
    <ClCompile Include="d3dframe.cpp">
      <Filter>Source Files</Filter>
    </ClCompile>
    <ClCompile Include="d3dmath.cpp">
      <Filter>Source Files</Filter>
    </ClCompile>
    <ClCompile Include="d3dtextr.cpp">
      <Filter>Source Files</Filter>
    </ClCompile>
    <ClCompile Include="d3dutil.cpp">
      <Filter>Source Files</Filter>
    </ClCompile>
  </ItemGroup>
  <ItemGroup>
    <ClInclude Include="d3dapp.h">
      <Filter>Source Files</Filter>
    </ClInclude>
    <ClInclude Include="d3dframe.h">
      <Filter>Header Files</Filter>
    </ClInclude>
  </ItemGroup>
</Project>