<?xml version="1.0" encoding="utf-8"?>
<Project ToolsVersion="4.0" xmlns="http://schemas.microsoft.com/developer/msbuild/2003">
  <ItemGroup>
    <Filter Include="Source Files">
      <UniqueIdentifier>{8c10f94f-a276-4300-a392-a58525c14abe}</UniqueIdentifier>
      <Extensions>cpp;c;cxx;rc;def;r;odl;idl;hpj;bat</Extensions>
    </Filter>
    <Filter Include="Header Files">
      <UniqueIdentifier>{04380965-8d50-4586-bc5b-386116815701}</UniqueIdentifier>
      <Extensions>h;hpp;hxx;hm;inl</Extensions>
    </Filter>
    <Filter Include="Lib">
      <UniqueIdentifier>{a87c0c4e-c2b9-4735-8c74-acd8c20965ca}</UniqueIdentifier>
    </Filter>
    <Filter Include="Lib\debug">
      <UniqueIdentifier>{f93dece6-43cc-49c9-a8e5-0d736c6929c1}</UniqueIdentifier>
    </Filter>
    <Filter Include="Lib\release">
      <UniqueIdentifier>{a2292fcd-6471-45db-9ed8-3404514eb00e}</UniqueIdentifier>
    </Filter>
    <Filter Include="Resource Files">
      <UniqueIdentifier>{8858c975-3100-4c39-856c-bd09d77d9a71}</UniqueIdentifier>
      <Extensions>ico;cur;bmp;dlg;rc2;rct;bin;rgs;gif;jpg;jpeg;jpe</Extensions>
    </Filter>
  </ItemGroup>
  <ItemGroup>
    <ClCompile Include="D3D_Device.cpp">
      <Filter>Source Files</Filter>
    </ClCompile>
    <ClCompile Include="D3D_Shell.cpp">
      <Filter>Source Files</Filter>
    </ClCompile>
    <ClCompile Include="D3D_Utils.cpp">
      <Filter>Source Files</Filter>
    </ClCompile>
    <ClCompile Include="..\iRepresent\Font\KCharSet.cpp">
      <Filter>Source Files</Filter>
    </ClCompile>
    <ClCompile Include="..\iRepresent\Font\KFont3.cpp">
      <Filter>Source Files</Filter>
    </ClCompile>
    <ClCompile Include="..\iRepresent\Font\KFontData.cpp">
      <Filter>Source Files</Filter>
    </ClCompile>
    <ClCompile Include="..\iRepresent\Font\KFontRes.cpp">
      <Filter>Source Files</Filter>
    </ClCompile>
    <ClCompile Include="..\iRepresent\Font\KMRU.cpp">
      <Filter>Source Files</Filter>
    </ClCompile>
    <ClCompile Include="KRepresentShell3.cpp">
      <Filter>Source Files</Filter>
    </ClCompile>
    <ClCompile Include="precompile.cpp">
      <Filter>Source Files</Filter>
    </ClCompile>
    <ClCompile Include="..\iRepresent\RepresentUtility.cpp">
      <Filter>Source Files</Filter>
    </ClCompile>
    <ClCompile Include="..\iRepresent\Text\TextProcess.cpp">
      <Filter>Source Files</Filter>
    </ClCompile>
    <ClCompile Include="TextureRes.cpp">
      <Filter>Source Files</Filter>
    </ClCompile>
    <ClCompile Include="TextureResMgr.cpp">
      <Filter>Source Files</Filter>
    </ClCompile>
  </ItemGroup>
  <ItemGroup>
    <ClInclude Include="BaseInclude.h">
      <Filter>Header Files</Filter>
    </ClInclude>
    <ClInclude Include="D3D_Device.h">
      <Filter>Header Files</Filter>
    </ClInclude>
    <ClInclude Include="D3D_Shell.h">
      <Filter>Header Files</Filter>
    </ClInclude>
    <ClInclude Include="D3D_Utils.h">
      <Filter>Header Files</Filter>
    </ClInclude>
    <ClInclude Include="..\iRepresent\Font\KFont3.h">
      <Filter>Header Files</Filter>
    </ClInclude>
    <ClInclude Include="KRepresentShell3.h">
      <Filter>Header Files</Filter>
    </ClInclude>
    <ClInclude Include="precompile.h">
      <Filter>Header Files</Filter>
    </ClInclude>
    <ClInclude Include="..\iRepresent\Text\TextProcess.h">
      <Filter>Header Files</Filter>
    </ClInclude>
    <ClInclude Include="..\iRepresent\Text\TextProcessDef.h">
      <Filter>Header Files</Filter>
    </ClInclude>
    <ClInclude Include="TextureRes.h">
      <Filter>Header Files</Filter>
    </ClInclude>
    <ClInclude Include="TextureResMgr.h">
      <Filter>Header Files</Filter>
    </ClInclude>
  </ItemGroup>
  <ItemGroup>
    <CustomBuild Include="..\..\..\Lib\debug\engine.lib">
      <Filter>Lib\debug</Filter>
    </CustomBuild>
    <CustomBuild Include="..\..\..\Lib\release\engine.lib">
      <Filter>Lib\release</Filter>
    </CustomBuild>
  </ItemGroup>
</Project>