
Microsoft Visual Studio Solution File, Format Version 9.00
# Visual Studio 2005
Project("{8BC9CEB8-8B4A-11D0-8D11-00A0C91BC942}") = "GameServer", "GameServer.vcproj", "{78B44032-48E2-46D7-8A21-74A1F38FD954}"
EndProject
Global
	GlobalSection(SolutionConfigurationPlatforms) = preSolution
		Debug|Win32 = Debug|Win32
		Release|Win32 = Release|Win32
	EndGlobalSection
	GlobalSection(ProjectConfigurationPlatforms) = postSolution
		{78B44032-48E2-46D7-8A21-74A1F38FD954}.Debug|Win32.ActiveCfg = Debug|Win32
		{78B44032-48E2-46D7-8A21-74A1F38FD954}.Debug|Win32.Build.0 = Debug|Win32
		{78B44032-48E2-46D7-8A21-74A1F38FD954}.Release|Win32.ActiveCfg = Release|Win32
		{78B44032-48E2-46D7-8A21-74A1F38FD954}.Release|Win32.Build.0 = Release|Win32
	EndGlobalSection
	GlobalSection(SolutionProperties) = preSolution
		HideSolutionNode = FALSE
	EndGlobalSection
EndGlobal
