
Microsoft Visual Studio Solution File, Format Version 9.00
# Visual Studio 2005
Project("{8BC9CEB8-8B4A-11D0-8D11-00A0C91BC942}") = "MGateWay", "MGateWay.vcproj", "{17B35482-4F72-4406-84E9-6999E20B039A}"
EndProject
Global
	GlobalSection(SolutionConfigurationPlatforms) = preSolution
		Debug|Win32 = Debug|Win32
		Release|Win32 = Release|Win32
	EndGlobalSection
	GlobalSection(ProjectConfigurationPlatforms) = postSolution
		{17B35482-4F72-4406-84E9-6999E20B039A}.Debug|Win32.ActiveCfg = Debug|Win32
		{17B35482-4F72-4406-84E9-6999E20B039A}.Debug|Win32.Build.0 = Debug|Win32
		{17B35482-4F72-4406-84E9-6999E20B039A}.Release|Win32.ActiveCfg = Release|Win32
		{17B35482-4F72-4406-84E9-6999E20B039A}.Release|Win32.Build.0 = Release|Win32
	EndGlobalSection
	GlobalSection(SolutionProperties) = preSolution
		HideSolutionNode = FALSE
	EndGlobalSection
EndGlobal
