
Microsoft Visual Studio Solution File, Format Version 9.00
# Visual Studio 2005
Project("{8BC9CEB8-8B4A-11D0-8D11-00A0C91BC942}") = "ED1Editor", "ED1Editor.vcproj", "{90711BC3-089E-4908-B36C-95D2C01B578E}"
EndProject
Global
	GlobalSection(SolutionConfigurationPlatforms) = preSolution
		Debug|Win32 = Debug|Win32
		Release|Win32 = Release|Win32
	EndGlobalSection
	GlobalSection(ProjectConfigurationPlatforms) = postSolution
		{90711BC3-089E-4908-B36C-95D2C01B578E}.Debug|Win32.ActiveCfg = Debug|Win32
		{90711BC3-089E-4908-B36C-95D2C01B578E}.Debug|Win32.Build.0 = Debug|Win32
		{90711BC3-089E-4908-B36C-95D2C01B578E}.Release|Win32.ActiveCfg = Release|Win32
		{90711BC3-089E-4908-B36C-95D2C01B578E}.Release|Win32.Build.0 = Release|Win32
	EndGlobalSection
	GlobalSection(SolutionProperties) = preSolution
		HideSolutionNode = FALSE
	EndGlobalSection
EndGlobal
