
Microsoft Visual Studio Solution File, Format Version 9.00
# Visual Studio 2005
Project("{8BC9CEB8-8B4A-11D0-8D11-00A0C91BC942}") = "S3Server", "S3Server.vcproj", "{A20785D6-6112-43B4-8178-B40873BC999E}"
EndProject
Global
	GlobalSection(SolutionConfigurationPlatforms) = preSolution
		Debug|Win32 = Debug|Win32
		Release|Win32 = Release|Win32
	EndGlobalSection
	GlobalSection(ProjectConfigurationPlatforms) = postSolution
		{A20785D6-6112-43B4-8178-B40873BC999E}.Debug|Win32.ActiveCfg = Debug|Win32
		{A20785D6-6112-43B4-8178-B40873BC999E}.Debug|Win32.Build.0 = Debug|Win32
		{A20785D6-6112-43B4-8178-B40873BC999E}.Release|Win32.ActiveCfg = Release|Win32
		{A20785D6-6112-43B4-8178-B40873BC999E}.Release|Win32.Build.0 = Release|Win32
	EndGlobalSection
	GlobalSection(SolutionProperties) = preSolution
		HideSolutionNode = FALSE
	EndGlobalSection
EndGlobal
